// !$*UTF8*$!
{
	archiveVersion = 1;
	classes = {
	};
	objectVersion = 48;
	objects = {

/* Begin PBXBuildFile section */
		59EC43995E3FD4991E4912C9 /* Pods_aimee.framework in Frameworks */ = {isa = PBXBuildFile; fileRef = A1B406CE18CB4C8F1CE86B8E /* Pods_aimee.framework */; };
		6C0A3C9F2011E53100ED5E3F /* AMInterestsCell.swift in Sources */ = {isa = PBXBuildFile; fileRef = 6C0A3C9D2011E53100ED5E3F /* AMInterestsCell.swift */; };
		6C0A3CA02011E53100ED5E3F /* AMInterestsCell.xib in Resources */ = {isa = PBXBuildFile; fileRef = 6C0A3C9E2011E53100ED5E3F /* AMInterestsCell.xib */; };
		6C0A3CA32011E89A00ED5E3F /* AMInterestsSectionHeader.swift in Sources */ = {isa = PBXBuildFile; fileRef = 6C0A3CA12011E89A00ED5E3F /* AMInterestsSectionHeader.swift */; };
		6C0A3CA42011E89A00ED5E3F /* AMInterestsSectionHeader.xib in Resources */ = {isa = PBXBuildFile; fileRef = 6C0A3CA22011E89A00ED5E3F /* AMInterestsSectionHeader.xib */; };
		6C0A3CA620120FBD00ED5E3F /* AMTagLayout.swift in Sources */ = {isa = PBXBuildFile; fileRef = 6C0A3CA520120FBD00ED5E3F /* AMTagLayout.swift */; };
		6C157656201EF35900AE3146 /* AMListsType1Controller.swift in Sources */ = {isa = PBXBuildFile; fileRef = 6C157654201EF35900AE3146 /* AMListsType1Controller.swift */; };
		6C157657201EF35900AE3146 /* AMListsType1Controller.xib in Resources */ = {isa = PBXBuildFile; fileRef = 6C157655201EF35900AE3146 /* AMListsType1Controller.xib */; };
		6C15765B201EF60A00AE3146 /* AMListsType1Cell.swift in Sources */ = {isa = PBXBuildFile; fileRef = 6C157659201EF60A00AE3146 /* AMListsType1Cell.swift */; };
		6C15765C201EF60A00AE3146 /* AMListsType1Cell.xib in Resources */ = {isa = PBXBuildFile; fileRef = 6C15765A201EF60A00AE3146 /* AMListsType1Cell.xib */; };
		6C157660201F085600AE3146 /* AMListsType2Cell.swift in Sources */ = {isa = PBXBuildFile; fileRef = 6C15765E201F085600AE3146 /* AMListsType2Cell.swift */; };
		6C157661201F085600AE3146 /* AMListsType2Cell.xib in Resources */ = {isa = PBXBuildFile; fileRef = 6C15765F201F085600AE3146 /* AMListsType2Cell.xib */; };
		6C157664201F086A00AE3146 /* AMListsType2Controller.swift in Sources */ = {isa = PBXBuildFile; fileRef = 6C157662201F086A00AE3146 /* AMListsType2Controller.swift */; };
		6C157665201F086A00AE3146 /* AMListsType2Controller.xib in Resources */ = {isa = PBXBuildFile; fileRef = 6C157663201F086A00AE3146 /* AMListsType2Controller.xib */; };
		6C157669201F24CD00AE3146 /* AMAppDrawerController.swift in Sources */ = {isa = PBXBuildFile; fileRef = 6C157667201F24CD00AE3146 /* AMAppDrawerController.swift */; };
		6C15766A201F24CD00AE3146 /* AMAppDrawerController.xib in Resources */ = {isa = PBXBuildFile; fileRef = 6C157668201F24CD00AE3146 /* AMAppDrawerController.xib */; };
		6C15766D201F250800AE3146 /* AMAppDrawerCell.swift in Sources */ = {isa = PBXBuildFile; fileRef = 6C15766B201F250800AE3146 /* AMAppDrawerCell.swift */; };
		6C15766E201F250800AE3146 /* AMAppDrawerCell.xib in Resources */ = {isa = PBXBuildFile; fileRef = 6C15766C201F250800AE3146 /* AMAppDrawerCell.xib */; };
		6C4EAD61203EE67000080A17 /* Button.swift in Sources */ = {isa = PBXBuildFile; fileRef = 6C4EAD5C203EE67000080A17 /* Button.swift */; };
		6C4EAD62203EE67000080A17 /* GradientSlider.swift in Sources */ = {isa = PBXBuildFile; fileRef = 6C4EAD5D203EE67000080A17 /* GradientSlider.swift */; };
		6C4EAD63203EE67000080A17 /* Label.swift in Sources */ = {isa = PBXBuildFile; fileRef = 6C4EAD5E203EE67000080A17 /* Label.swift */; };
		6C4EAD64203EE67000080A17 /* SegmentedControl.swift in Sources */ = {isa = PBXBuildFile; fileRef = 6C4EAD5F203EE67000080A17 /* SegmentedControl.swift */; };
		6C4EAD65203EE67000080A17 /* TextField.swift in Sources */ = {isa = PBXBuildFile; fileRef = 6C4EAD60203EE67000080A17 /* TextField.swift */; };
		6C4EAD77203EE68B00080A17 /* UIAlertController+Extensions.swift in Sources */ = {isa = PBXBuildFile; fileRef = 6C4EAD66203EE68A00080A17 /* UIAlertController+Extensions.swift */; };
		6C4EAD78203EE68B00080A17 /* UIColor+Extensions.swift in Sources */ = {isa = PBXBuildFile; fileRef = 6C4EAD67203EE68A00080A17 /* UIColor+Extensions.swift */; };
		6C4EAD79203EE68B00080A17 /* Date+Extension.swift in Sources */ = {isa = PBXBuildFile; fileRef = 6C4EAD68203EE68A00080A17 /* Date+Extension.swift */; };
		6C4EAD7A203EE68B00080A17 /* Locale+Extensions.swift in Sources */ = {isa = PBXBuildFile; fileRef = 6C4EAD69203EE68A00080A17 /* Locale+Extensions.swift */; };
		6C4EAD7B203EE68B00080A17 /* Array+Extensions.swift in Sources */ = {isa = PBXBuildFile; fileRef = 6C4EAD6A203EE68A00080A17 /* Array+Extensions.swift */; };
		6C4EAD7C203EE68B00080A17 /* UITextView+Extensions.swift in Sources */ = {isa = PBXBuildFile; fileRef = 6C4EAD6B203EE68A00080A17 /* UITextView+Extensions.swift */; };
		6C4EAD7D203EE68B00080A17 /* UISearchBar+Extensions.swift in Sources */ = {isa = PBXBuildFile; fileRef = 6C4EAD6C203EE68A00080A17 /* UISearchBar+Extensions.swift */; };
		6C4EAD7E203EE68B00080A17 /* UIView+Extensions.swift in Sources */ = {isa = PBXBuildFile; fileRef = 6C4EAD6D203EE68A00080A17 /* UIView+Extensions.swift */; };
		6C4EAD7F203EE68B00080A17 /* UIViewController+Extensions.swift in Sources */ = {isa = PBXBuildFile; fileRef = 6C4EAD6E203EE68B00080A17 /* UIViewController+Extensions.swift */; };
		6C4EAD80203EE68B00080A17 /* Common+Extensions.swift in Sources */ = {isa = PBXBuildFile; fileRef = 6C4EAD6F203EE68B00080A17 /* Common+Extensions.swift */; };
		6C4EAD81203EE68B00080A17 /* UIApplication+Extensions.swift in Sources */ = {isa = PBXBuildFile; fileRef = 6C4EAD70203EE68B00080A17 /* UIApplication+Extensions.swift */; };
		6C4EAD82203EE68B00080A17 /* String+Extensions.swift in Sources */ = {isa = PBXBuildFile; fileRef = 6C4EAD71203EE68B00080A17 /* String+Extensions.swift */; };
		6C4EAD83203EE68B00080A17 /* UISegmentedControl+Extensions.swift in Sources */ = {isa = PBXBuildFile; fileRef = 6C4EAD72203EE68B00080A17 /* UISegmentedControl+Extensions.swift */; };
		6C4EAD84203EE68B00080A17 /* Optional+Extensions.swift in Sources */ = {isa = PBXBuildFile; fileRef = 6C4EAD73203EE68B00080A17 /* Optional+Extensions.swift */; };
		6C4EAD85203EE68B00080A17 /* UIImageView+Extensions.swift in Sources */ = {isa = PBXBuildFile; fileRef = 6C4EAD74203EE68B00080A17 /* UIImageView+Extensions.swift */; };
		6C4EAD86203EE68B00080A17 /* UIImage+Extensions.swift in Sources */ = {isa = PBXBuildFile; fileRef = 6C4EAD75203EE68B00080A17 /* UIImage+Extensions.swift */; };
		6C4EAD87203EE68B00080A17 /* UITextField+Extensions.swift in Sources */ = {isa = PBXBuildFile; fileRef = 6C4EAD76203EE68B00080A17 /* UITextField+Extensions.swift */; };
		6C4EAD89203EE6C200080A17 /* TextViewController.swift in Sources */ = {isa = PBXBuildFile; fileRef = 6C4EAD88203EE6C200080A17 /* TextViewController.swift */; };
		6C4EAD8B203EE6CA00080A17 /* AttributedTextBlock.swift in Sources */ = {isa = PBXBuildFile; fileRef = 6C4EAD8A203EE6CA00080A17 /* AttributedTextBlock.swift */; };
		6C4EADB7203FE50300080A17 /* DatePickerViewController.swift in Sources */ = {isa = PBXBuildFile; fileRef = 6C4EADB6203FE50300080A17 /* DatePickerViewController.swift */; };
		6C5663C4201A108D00BE00C6 /* PTRNLoginType3ViewController.xib in Resources */ = {isa = PBXBuildFile; fileRef = 6C5663C1201A108C00BE00C6 /* PTRNLoginType3ViewController.xib */; };
		6C5663C5201A108D00BE00C6 /* PTRNCustomPageControlType2.swift in Sources */ = {isa = PBXBuildFile; fileRef = 6C5663C2201A108C00BE00C6 /* PTRNCustomPageControlType2.swift */; };
		6C5663C6201A108D00BE00C6 /* PTRNLoginType3ViewController.swift in Sources */ = {isa = PBXBuildFile; fileRef = 6C5663C3201A108D00BE00C6 /* PTRNLoginType3ViewController.swift */; };
		6C5663CA201A123400BE00C6 /* Futura PT Demi.otf in Resources */ = {isa = PBXBuildFile; fileRef = 6C5663C7201A123300BE00C6 /* Futura PT Demi.otf */; };
		6C5663CB201A123400BE00C6 /* Futura PT Condensed Medium Italic.otf in Resources */ = {isa = PBXBuildFile; fileRef = 6C5663C8201A123300BE00C6 /* Futura PT Condensed Medium Italic.otf */; };
		6C5663CC201A123400BE00C6 /* Roboto-Medium.ttf in Resources */ = {isa = PBXBuildFile; fileRef = 6C5663C9201A123300BE00C6 /* Roboto-Medium.ttf */; };
		6C5A75672020644A009ACF2A /* Collections&SequencesExtension.swift in Sources */ = {isa = PBXBuildFile; fileRef = 6C5A75662020644A009ACF2A /* Collections&SequencesExtension.swift */; };
		6C5A756B2022E290009ACF2A /* AMMemListType2HorController.swift in Sources */ = {isa = PBXBuildFile; fileRef = 6C5A75692022E290009ACF2A /* AMMemListType2HorController.swift */; };
		6C5A756C2022E290009ACF2A /* AMMemListType2HorController.xib in Resources */ = {isa = PBXBuildFile; fileRef = 6C5A756A2022E290009ACF2A /* AMMemListType2HorController.xib */; };
		6C5A756F2022E2B0009ACF2A /* AMMemListTypw2HorCell.swift in Sources */ = {isa = PBXBuildFile; fileRef = 6C5A756D2022E2B0009ACF2A /* AMMemListTypw2HorCell.swift */; };
		6C5A75702022E2B0009ACF2A /* AMMemListTypw2HorCell.xib in Resources */ = {isa = PBXBuildFile; fileRef = 6C5A756E2022E2B0009ACF2A /* AMMemListTypw2HorCell.xib */; };
		6C5A759C20244023009ACF2A /* AMHorizontalCarouselLayout.swift in Sources */ = {isa = PBXBuildFile; fileRef = 6C5A759B20244023009ACF2A /* AMHorizontalCarouselLayout.swift */; };
		6C5A759E202444F2009ACF2A /* UniversalProtocols.swift in Sources */ = {isa = PBXBuildFile; fileRef = 6C5A759D202444F2009ACF2A /* UniversalProtocols.swift */; };
		6C9BE30420204B0900828C6E /* ScreenTypeEnum.swift in Sources */ = {isa = PBXBuildFile; fileRef = 6C9BE30320204B0900828C6E /* ScreenTypeEnum.swift */; };
		6C9BE30B20204D2700828C6E /* AMMemListType1VerController.swift in Sources */ = {isa = PBXBuildFile; fileRef = 6C9BE30920204D2700828C6E /* AMMemListType1VerController.swift */; };
		6C9BE30C20204D2700828C6E /* AMMemListType1VerController.xib in Resources */ = {isa = PBXBuildFile; fileRef = 6C9BE30A20204D2700828C6E /* AMMemListType1VerController.xib */; };
		6C9BE30F20204D7900828C6E /* AMMemListType1VerCell.swift in Sources */ = {isa = PBXBuildFile; fileRef = 6C9BE30D20204D7900828C6E /* AMMemListType1VerCell.swift */; };
		6C9BE31020204D7900828C6E /* AMMemListType1VerCell.xib in Resources */ = {isa = PBXBuildFile; fileRef = 6C9BE30E20204D7900828C6E /* AMMemListType1VerCell.xib */; };
		6CA6862B2011C705004011D7 /* AMLandingViewCell.swift in Sources */ = {isa = PBXBuildFile; fileRef = 6CA686292011C705004011D7 /* AMLandingViewCell.swift */; };
		6CA6862C2011C705004011D7 /* AMLandingViewCell.xib in Resources */ = {isa = PBXBuildFile; fileRef = 6CA6862A2011C705004011D7 /* AMLandingViewCell.xib */; };
		6CA686302011C914004011D7 /* AMInterestsViewController.swift in Sources */ = {isa = PBXBuildFile; fileRef = 6CA6862E2011C914004011D7 /* AMInterestsViewController.swift */; };
		6CA686312011C914004011D7 /* AMInterestsViewController.xib in Resources */ = {isa = PBXBuildFile; fileRef = 6CA6862F2011C914004011D7 /* AMInterestsViewController.xib */; };
		6CA69ECA20160B4D00926655 /* AMAccomplishmentsController.swift in Sources */ = {isa = PBXBuildFile; fileRef = 6CA69EC820160B4D00926655 /* AMAccomplishmentsController.swift */; };
		6CA69ECB20160B4D00926655 /* AMAccomplishmentsController.xib in Resources */ = {isa = PBXBuildFile; fileRef = 6CA69EC920160B4D00926655 /* AMAccomplishmentsController.xib */; };
		6CA69ED620161C7900926655 /* AMAccomplishmentCell.swift in Sources */ = {isa = PBXBuildFile; fileRef = 6CA69ED420161C7900926655 /* AMAccomplishmentCell.swift */; };
		6CA69ED720161C7900926655 /* AMAccomplishmentCell.xib in Resources */ = {isa = PBXBuildFile; fileRef = 6CA69ED520161C7900926655 /* AMAccomplishmentCell.xib */; };
		6CAFBC6120107283005A975D /* AppDelegate.swift in Sources */ = {isa = PBXBuildFile; fileRef = 6CAFBC6020107283005A975D /* AppDelegate.swift */; };
		6CAFBC6820107283005A975D /* Assets.xcassets in Resources */ = {isa = PBXBuildFile; fileRef = 6CAFBC6720107283005A975D /* Assets.xcassets */; };
		6CAFBC6B20107283005A975D /* LaunchScreen.storyboard in Resources */ = {isa = PBXBuildFile; fileRef = 6CAFBC6920107283005A975D /* LaunchScreen.storyboard */; };
		6CAFBC7920107343005A975D /* AMLandingViewController.swift in Sources */ = {isa = PBXBuildFile; fileRef = 6CAFBC7720107343005A975D /* AMLandingViewController.swift */; };
		6CAFBC7A20107343005A975D /* AMLandingViewController.xib in Resources */ = {isa = PBXBuildFile; fileRef = 6CAFBC7820107343005A975D /* AMLandingViewController.xib */; };
		6CAFBC7E20107400005A975D /* Main.storyboard in Resources */ = {isa = PBXBuildFile; fileRef = 6CAFBC7C20107400005A975D /* Main.storyboard */; };
		6CAFBC8020107409005A975D /* ViewController.swift in Sources */ = {isa = PBXBuildFile; fileRef = 6CAFBC7F20107409005A975D /* ViewController.swift */; };
		6CAFBC84201075F8005A975D /* AMAuthViewController.swift in Sources */ = {isa = PBXBuildFile; fileRef = 6CAFBC82201075F8005A975D /* AMAuthViewController.swift */; };
		6CAFBC85201075F8005A975D /* AMAuthViewController.xib in Resources */ = {isa = PBXBuildFile; fileRef = 6CAFBC83201075F8005A975D /* AMAuthViewController.xib */; };
		6CAFBC91201078F1005A975D /* Montserrat-Regular.otf in Resources */ = {isa = PBXBuildFile; fileRef = 6CAFBC88201078F1005A975D /* Montserrat-Regular.otf */; };
		6CAFBC92201078F1005A975D /* Montserrat-Light.otf in Resources */ = {isa = PBXBuildFile; fileRef = 6CAFBC89201078F1005A975D /* Montserrat-Light.otf */; };
		6CAFBC93201078F1005A975D /* Montserrat-Bold.otf in Resources */ = {isa = PBXBuildFile; fileRef = 6CAFBC8A201078F1005A975D /* Montserrat-Bold.otf */; };
		6CAFBC94201078F1005A975D /* Montserrat-SemiBold.otf in Resources */ = {isa = PBXBuildFile; fileRef = 6CAFBC8B201078F1005A975D /* Montserrat-SemiBold.otf */; };
		6CAFBC95201078F1005A975D /* Montserrat-Hairline.otf in Resources */ = {isa = PBXBuildFile; fileRef = 6CAFBC8C201078F1005A975D /* Montserrat-Hairline.otf */; };
		6CAFBC96201078F1005A975D /* Montserrat-Black.otf in Resources */ = {isa = PBXBuildFile; fileRef = 6CAFBC8D201078F1005A975D /* Montserrat-Black.otf */; };
		6CAFBC97201078F1005A975D /* Montserrat-UltraLight.otf in Resources */ = {isa = PBXBuildFile; fileRef = 6CAFBC8E201078F1005A975D /* Montserrat-UltraLight.otf */; };
		6CAFBC98201078F1005A975D /* Montserrat-ExtraBold.otf in Resources */ = {isa = PBXBuildFile; fileRef = 6CAFBC8F201078F1005A975D /* Montserrat-ExtraBold.otf */; };
		6CAFBC99201078F1005A975D /* Montserrat-Medium.otf in Resources */ = {isa = PBXBuildFile; fileRef = 6CAFBC90201078F1005A975D /* Montserrat-Medium.otf */; };
		6CAFBC9B20107AA6005A975D /* ColorConstants.swift in Sources */ = {isa = PBXBuildFile; fileRef = 6CAFBC9A20107AA6005A975D /* ColorConstants.swift */; };
		6CAFBC9D20107AB5005A975D /* UIColorExtension.swift in Sources */ = {isa = PBXBuildFile; fileRef = 6CAFBC9C20107AB5005A975D /* UIColorExtension.swift */; };
		6CAFBCA120107E79005A975D /* UIViewExtension.swift in Sources */ = {isa = PBXBuildFile; fileRef = 6CAFBCA020107E79005A975D /* UIViewExtension.swift */; };
		6CAFBCAC2010877E005A975D /* OpenSans-ExtraBold.ttf in Resources */ = {isa = PBXBuildFile; fileRef = 6CAFBCA22010877C005A975D /* OpenSans-ExtraBold.ttf */; };
		6CAFBCAD2010877E005A975D /* OpenSans-ExtraBoldItalic.ttf in Resources */ = {isa = PBXBuildFile; fileRef = 6CAFBCA32010877D005A975D /* OpenSans-ExtraBoldItalic.ttf */; };
		6CAFBCAE2010877E005A975D /* OpenSans-Italic.ttf in Resources */ = {isa = PBXBuildFile; fileRef = 6CAFBCA42010877D005A975D /* OpenSans-Italic.ttf */; };
		6CAFBCAF2010877E005A975D /* OpenSans-LightItalic.ttf in Resources */ = {isa = PBXBuildFile; fileRef = 6CAFBCA52010877D005A975D /* OpenSans-LightItalic.ttf */; };
		6CAFBCB02010877E005A975D /* OpenSans-Regular.ttf in Resources */ = {isa = PBXBuildFile; fileRef = 6CAFBCA62010877D005A975D /* OpenSans-Regular.ttf */; };
		6CAFBCB12010877E005A975D /* OpenSans-SemiBold.ttf in Resources */ = {isa = PBXBuildFile; fileRef = 6CAFBCA72010877D005A975D /* OpenSans-SemiBold.ttf */; };
		6CAFBCB22010877E005A975D /* OpenSans-BoldItalic.ttf in Resources */ = {isa = PBXBuildFile; fileRef = 6CAFBCA82010877E005A975D /* OpenSans-BoldItalic.ttf */; };
		6CAFBCB32010877E005A975D /* OpenSans-SemiBoldItalic.ttf in Resources */ = {isa = PBXBuildFile; fileRef = 6CAFBCA92010877E005A975D /* OpenSans-SemiBoldItalic.ttf */; };
		6CAFBCB42010877E005A975D /* OpenSans-Light.ttf in Resources */ = {isa = PBXBuildFile; fileRef = 6CAFBCAA2010877E005A975D /* OpenSans-Light.ttf */; };
		6CAFBCB52010877E005A975D /* OpenSans-Bold.ttf in Resources */ = {isa = PBXBuildFile; fileRef = 6CAFBCAB2010877E005A975D /* OpenSans-Bold.ttf */; };
		6CAFBCB720108879005A975D /* Utilities.swift in Sources */ = {isa = PBXBuildFile; fileRef = 6CAFBCB620108879005A975D /* Utilities.swift */; };
		6CAFBCB920109C97005A975D /* UILabelExtension.swift in Sources */ = {isa = PBXBuildFile; fileRef = 6CAFBCB820109C97005A975D /* UILabelExtension.swift */; };
		6CAFBCBB2010A0A3005A975D /* NSAttributtedStringExtension.swift in Sources */ = {isa = PBXBuildFile; fileRef = 6CAFBCBA2010A0A3005A975D /* NSAttributtedStringExtension.swift */; };
		6CAFBCBD2010A461005A975D /* AppConstants.swift in Sources */ = {isa = PBXBuildFile; fileRef = 6CAFBCBC2010A461005A975D /* AppConstants.swift */; };
		6CAFBCC52010BDD9005A975D /* UIViewControllerExtension.swift in Sources */ = {isa = PBXBuildFile; fileRef = 6CAFBCC42010BDD9005A975D /* UIViewControllerExtension.swift */; };
		6CAFBCC72010D310005A975D /* UITextFieldExtension.swift in Sources */ = {isa = PBXBuildFile; fileRef = 6CAFBCC62010D310005A975D /* UITextFieldExtension.swift */; };
		6CC7000D203FEB08009A3F2F /* AMTextAnimationController.swift in Sources */ = {isa = PBXBuildFile; fileRef = 6CC7000B203FEB08009A3F2F /* AMTextAnimationController.swift */; };
		6CC7000E203FEB08009A3F2F /* AMTextAnimationController.xib in Resources */ = {isa = PBXBuildFile; fileRef = 6CC7000C203FEB08009A3F2F /* AMTextAnimationController.xib */; };
		6CC7001220401B8B009A3F2F /* AMMusicListVerticalController.swift in Sources */ = {isa = PBXBuildFile; fileRef = 6CC7001020401B8B009A3F2F /* AMMusicListVerticalController.swift */; };
		6CC7001320401B8B009A3F2F /* AMMusicListVerticalController.xib in Resources */ = {isa = PBXBuildFile; fileRef = 6CC7001120401B8B009A3F2F /* AMMusicListVerticalController.xib */; };
		6CCDB72D2017427600BB29D5 /* AMUserDetailsEntryController.swift in Sources */ = {isa = PBXBuildFile; fileRef = 6CCDB72B2017427600BB29D5 /* AMUserDetailsEntryController.swift */; };
		6CCDB72E2017427600BB29D5 /* AMUserDetailsEntryController.xib in Resources */ = {isa = PBXBuildFile; fileRef = 6CCDB72C2017427600BB29D5 /* AMUserDetailsEntryController.xib */; };
		6CCDB7B020189A7400BB29D5 /* DateExtension.swift in Sources */ = {isa = PBXBuildFile; fileRef = 6CCDB7AF20189A7400BB29D5 /* DateExtension.swift */; };
		6CCDB7DC2019B00900BB29D5 /* FacebookHelper.swift in Sources */ = {isa = PBXBuildFile; fileRef = 6CCDB7DB2019B00900BB29D5 /* FacebookHelper.swift */; };
		6CCDB7DE2019B57D00BB29D5 /* FBResponseModel.swift in Sources */ = {isa = PBXBuildFile; fileRef = 6CCDB7DD2019B57D00BB29D5 /* FBResponseModel.swift */; };
		6CCDB7E02019BA9D00BB29D5 /* UIImageView+Extension.swift in Sources */ = {isa = PBXBuildFile; fileRef = 6CCDB7DF2019BA9D00BB29D5 /* UIImageView+Extension.swift */; };
		6CCDB7E32019C75700BB29D5 /* UserDetails.swift in Sources */ = {isa = PBXBuildFile; fileRef = 6CCDB7E22019C75700BB29D5 /* UserDetails.swift */; };
		6CCDB8072019F0C000BB29D5 /* AMAnimator.swift in Sources */ = {isa = PBXBuildFile; fileRef = 6CCDB8062019F0C000BB29D5 /* AMAnimator.swift */; };
/* End PBXBuildFile section */

/* Begin PBXFileReference section */
		1FCB45C1880034E1452F46A9 /* Pods-aimee.release.xcconfig */ = {isa = PBXFileReference; includeInIndex = 1; lastKnownFileType = text.xcconfig; name = "Pods-aimee.release.xcconfig"; path = "Pods/Target Support Files/Pods-aimee/Pods-aimee.release.xcconfig"; sourceTree = "<group>"; };
		4F7DE238FFAF03D8C82E0F12 /* Pods-aimee.debug.xcconfig */ = {isa = PBXFileReference; includeInIndex = 1; lastKnownFileType = text.xcconfig; name = "Pods-aimee.debug.xcconfig"; path = "Pods/Target Support Files/Pods-aimee/Pods-aimee.debug.xcconfig"; sourceTree = "<group>"; };
		6C0A3C9D2011E53100ED5E3F /* AMInterestsCell.swift */ = {isa = PBXFileReference; lastKnownFileType = sourcecode.swift; path = AMInterestsCell.swift; sourceTree = "<group>"; };
		6C0A3C9E2011E53100ED5E3F /* AMInterestsCell.xib */ = {isa = PBXFileReference; lastKnownFileType = file.xib; path = AMInterestsCell.xib; sourceTree = "<group>"; };
		6C0A3CA12011E89A00ED5E3F /* AMInterestsSectionHeader.swift */ = {isa = PBXFileReference; lastKnownFileType = sourcecode.swift; path = AMInterestsSectionHeader.swift; sourceTree = "<group>"; };
		6C0A3CA22011E89A00ED5E3F /* AMInterestsSectionHeader.xib */ = {isa = PBXFileReference; lastKnownFileType = file.xib; path = AMInterestsSectionHeader.xib; sourceTree = "<group>"; };
		6C0A3CA520120FBD00ED5E3F /* AMTagLayout.swift */ = {isa = PBXFileReference; lastKnownFileType = sourcecode.swift; path = AMTagLayout.swift; sourceTree = "<group>"; };
		6C157654201EF35900AE3146 /* AMListsType1Controller.swift */ = {isa = PBXFileReference; lastKnownFileType = sourcecode.swift; path = AMListsType1Controller.swift; sourceTree = "<group>"; };
		6C157655201EF35900AE3146 /* AMListsType1Controller.xib */ = {isa = PBXFileReference; lastKnownFileType = file.xib; path = AMListsType1Controller.xib; sourceTree = "<group>"; };
		6C157659201EF60A00AE3146 /* AMListsType1Cell.swift */ = {isa = PBXFileReference; lastKnownFileType = sourcecode.swift; path = AMListsType1Cell.swift; sourceTree = "<group>"; };
		6C15765A201EF60A00AE3146 /* AMListsType1Cell.xib */ = {isa = PBXFileReference; lastKnownFileType = file.xib; path = AMListsType1Cell.xib; sourceTree = "<group>"; };
		6C15765E201F085600AE3146 /* AMListsType2Cell.swift */ = {isa = PBXFileReference; lastKnownFileType = sourcecode.swift; path = AMListsType2Cell.swift; sourceTree = "<group>"; };
		6C15765F201F085600AE3146 /* AMListsType2Cell.xib */ = {isa = PBXFileReference; lastKnownFileType = file.xib; path = AMListsType2Cell.xib; sourceTree = "<group>"; };
		6C157662201F086A00AE3146 /* AMListsType2Controller.swift */ = {isa = PBXFileReference; lastKnownFileType = sourcecode.swift; path = AMListsType2Controller.swift; sourceTree = "<group>"; };
		6C157663201F086A00AE3146 /* AMListsType2Controller.xib */ = {isa = PBXFileReference; lastKnownFileType = file.xib; path = AMListsType2Controller.xib; sourceTree = "<group>"; };
		6C157667201F24CD00AE3146 /* AMAppDrawerController.swift */ = {isa = PBXFileReference; lastKnownFileType = sourcecode.swift; path = AMAppDrawerController.swift; sourceTree = "<group>"; };
		6C157668201F24CD00AE3146 /* AMAppDrawerController.xib */ = {isa = PBXFileReference; lastKnownFileType = file.xib; path = AMAppDrawerController.xib; sourceTree = "<group>"; };
		6C15766B201F250800AE3146 /* AMAppDrawerCell.swift */ = {isa = PBXFileReference; lastKnownFileType = sourcecode.swift; path = AMAppDrawerCell.swift; sourceTree = "<group>"; };
		6C15766C201F250800AE3146 /* AMAppDrawerCell.xib */ = {isa = PBXFileReference; lastKnownFileType = file.xib; path = AMAppDrawerCell.xib; sourceTree = "<group>"; };
		6C4EAD5C203EE67000080A17 /* Button.swift */ = {isa = PBXFileReference; fileEncoding = 4; lastKnownFileType = sourcecode.swift; path = Button.swift; sourceTree = "<group>"; };
		6C4EAD5D203EE67000080A17 /* GradientSlider.swift */ = {isa = PBXFileReference; fileEncoding = 4; lastKnownFileType = sourcecode.swift; path = GradientSlider.swift; sourceTree = "<group>"; };
		6C4EAD5E203EE67000080A17 /* Label.swift */ = {isa = PBXFileReference; fileEncoding = 4; lastKnownFileType = sourcecode.swift; path = Label.swift; sourceTree = "<group>"; };
		6C4EAD5F203EE67000080A17 /* SegmentedControl.swift */ = {isa = PBXFileReference; fileEncoding = 4; lastKnownFileType = sourcecode.swift; path = SegmentedControl.swift; sourceTree = "<group>"; };
		6C4EAD60203EE67000080A17 /* TextField.swift */ = {isa = PBXFileReference; fileEncoding = 4; lastKnownFileType = sourcecode.swift; path = TextField.swift; sourceTree = "<group>"; };
		6C4EAD66203EE68A00080A17 /* UIAlertController+Extensions.swift */ = {isa = PBXFileReference; fileEncoding = 4; lastKnownFileType = sourcecode.swift; path = "UIAlertController+Extensions.swift"; sourceTree = "<group>"; };
		6C4EAD67203EE68A00080A17 /* UIColor+Extensions.swift */ = {isa = PBXFileReference; fileEncoding = 4; lastKnownFileType = sourcecode.swift; path = "UIColor+Extensions.swift"; sourceTree = "<group>"; };
		6C4EAD68203EE68A00080A17 /* Date+Extension.swift */ = {isa = PBXFileReference; fileEncoding = 4; lastKnownFileType = sourcecode.swift; path = "Date+Extension.swift"; sourceTree = "<group>"; };
		6C4EAD69203EE68A00080A17 /* Locale+Extensions.swift */ = {isa = PBXFileReference; fileEncoding = 4; lastKnownFileType = sourcecode.swift; path = "Locale+Extensions.swift"; sourceTree = "<group>"; };
		6C4EAD6A203EE68A00080A17 /* Array+Extensions.swift */ = {isa = PBXFileReference; fileEncoding = 4; lastKnownFileType = sourcecode.swift; path = "Array+Extensions.swift"; sourceTree = "<group>"; };
		6C4EAD6B203EE68A00080A17 /* UITextView+Extensions.swift */ = {isa = PBXFileReference; fileEncoding = 4; lastKnownFileType = sourcecode.swift; path = "UITextView+Extensions.swift"; sourceTree = "<group>"; };
		6C4EAD6C203EE68A00080A17 /* UISearchBar+Extensions.swift */ = {isa = PBXFileReference; fileEncoding = 4; lastKnownFileType = sourcecode.swift; path = "UISearchBar+Extensions.swift"; sourceTree = "<group>"; };
		6C4EAD6D203EE68A00080A17 /* UIView+Extensions.swift */ = {isa = PBXFileReference; fileEncoding = 4; lastKnownFileType = sourcecode.swift; path = "UIView+Extensions.swift"; sourceTree = "<group>"; };
		6C4EAD6E203EE68B00080A17 /* UIViewController+Extensions.swift */ = {isa = PBXFileReference; fileEncoding = 4; lastKnownFileType = sourcecode.swift; path = "UIViewController+Extensions.swift"; sourceTree = "<group>"; };
		6C4EAD6F203EE68B00080A17 /* Common+Extensions.swift */ = {isa = PBXFileReference; fileEncoding = 4; lastKnownFileType = sourcecode.swift; path = "Common+Extensions.swift"; sourceTree = "<group>"; };
		6C4EAD70203EE68B00080A17 /* UIApplication+Extensions.swift */ = {isa = PBXFileReference; fileEncoding = 4; lastKnownFileType = sourcecode.swift; path = "UIApplication+Extensions.swift"; sourceTree = "<group>"; };
		6C4EAD71203EE68B00080A17 /* String+Extensions.swift */ = {isa = PBXFileReference; fileEncoding = 4; lastKnownFileType = sourcecode.swift; path = "String+Extensions.swift"; sourceTree = "<group>"; };
		6C4EAD72203EE68B00080A17 /* UISegmentedControl+Extensions.swift */ = {isa = PBXFileReference; fileEncoding = 4; lastKnownFileType = sourcecode.swift; path = "UISegmentedControl+Extensions.swift"; sourceTree = "<group>"; };
		6C4EAD73203EE68B00080A17 /* Optional+Extensions.swift */ = {isa = PBXFileReference; fileEncoding = 4; lastKnownFileType = sourcecode.swift; path = "Optional+Extensions.swift"; sourceTree = "<group>"; };
		6C4EAD74203EE68B00080A17 /* UIImageView+Extensions.swift */ = {isa = PBXFileReference; fileEncoding = 4; lastKnownFileType = sourcecode.swift; path = "UIImageView+Extensions.swift"; sourceTree = "<group>"; };
		6C4EAD75203EE68B00080A17 /* UIImage+Extensions.swift */ = {isa = PBXFileReference; fileEncoding = 4; lastKnownFileType = sourcecode.swift; path = "UIImage+Extensions.swift"; sourceTree = "<group>"; };
		6C4EAD76203EE68B00080A17 /* UITextField+Extensions.swift */ = {isa = PBXFileReference; fileEncoding = 4; lastKnownFileType = sourcecode.swift; path = "UITextField+Extensions.swift"; sourceTree = "<group>"; };
		6C4EAD88203EE6C200080A17 /* TextViewController.swift */ = {isa = PBXFileReference; fileEncoding = 4; lastKnownFileType = sourcecode.swift; path = TextViewController.swift; sourceTree = "<group>"; };
		6C4EAD8A203EE6CA00080A17 /* AttributedTextBlock.swift */ = {isa = PBXFileReference; fileEncoding = 4; lastKnownFileType = sourcecode.swift; name = AttributedTextBlock.swift; path = Models/AttributedTextBlock.swift; sourceTree = "<group>"; };
		6C4EADB6203FE50300080A17 /* DatePickerViewController.swift */ = {isa = PBXFileReference; fileEncoding = 4; lastKnownFileType = sourcecode.swift; name = DatePickerViewController.swift; path = Date/DatePickerViewController.swift; sourceTree = "<group>"; };
		6C5663C1201A108C00BE00C6 /* PTRNLoginType3ViewController.xib */ = {isa = PBXFileReference; fileEncoding = 4; lastKnownFileType = file.xib; path = PTRNLoginType3ViewController.xib; sourceTree = "<group>"; };
		6C5663C2201A108C00BE00C6 /* PTRNCustomPageControlType2.swift */ = {isa = PBXFileReference; fileEncoding = 4; lastKnownFileType = sourcecode.swift; path = PTRNCustomPageControlType2.swift; sourceTree = "<group>"; };
		6C5663C3201A108D00BE00C6 /* PTRNLoginType3ViewController.swift */ = {isa = PBXFileReference; fileEncoding = 4; lastKnownFileType = sourcecode.swift; path = PTRNLoginType3ViewController.swift; sourceTree = "<group>"; };
		6C5663C7201A123300BE00C6 /* Futura PT Demi.otf */ = {isa = PBXFileReference; lastKnownFileType = file; path = "Futura PT Demi.otf"; sourceTree = "<group>"; };
		6C5663C8201A123300BE00C6 /* Futura PT Condensed Medium Italic.otf */ = {isa = PBXFileReference; lastKnownFileType = file; path = "Futura PT Condensed Medium Italic.otf"; sourceTree = "<group>"; };
		6C5663C9201A123300BE00C6 /* Roboto-Medium.ttf */ = {isa = PBXFileReference; lastKnownFileType = file; path = "Roboto-Medium.ttf"; sourceTree = "<group>"; };
		6C5A75662020644A009ACF2A /* Collections&SequencesExtension.swift */ = {isa = PBXFileReference; lastKnownFileType = sourcecode.swift; path = "Collections&SequencesExtension.swift"; sourceTree = "<group>"; };
		6C5A75692022E290009ACF2A /* AMMemListType2HorController.swift */ = {isa = PBXFileReference; lastKnownFileType = sourcecode.swift; path = AMMemListType2HorController.swift; sourceTree = "<group>"; };
		6C5A756A2022E290009ACF2A /* AMMemListType2HorController.xib */ = {isa = PBXFileReference; lastKnownFileType = file.xib; path = AMMemListType2HorController.xib; sourceTree = "<group>"; };
		6C5A756D2022E2B0009ACF2A /* AMMemListTypw2HorCell.swift */ = {isa = PBXFileReference; lastKnownFileType = sourcecode.swift; path = AMMemListTypw2HorCell.swift; sourceTree = "<group>"; };
		6C5A756E2022E2B0009ACF2A /* AMMemListTypw2HorCell.xib */ = {isa = PBXFileReference; lastKnownFileType = file.xib; path = AMMemListTypw2HorCell.xib; sourceTree = "<group>"; };
		6C5A759B20244023009ACF2A /* AMHorizontalCarouselLayout.swift */ = {isa = PBXFileReference; lastKnownFileType = sourcecode.swift; path = AMHorizontalCarouselLayout.swift; sourceTree = "<group>"; };
		6C5A759D202444F2009ACF2A /* UniversalProtocols.swift */ = {isa = PBXFileReference; lastKnownFileType = sourcecode.swift; name = UniversalProtocols.swift; path = aimee/Helpers/UniversalProtocols.swift; sourceTree = SOURCE_ROOT; };
		6C9BE30320204B0900828C6E /* ScreenTypeEnum.swift */ = {isa = PBXFileReference; lastKnownFileType = sourcecode.swift; path = ScreenTypeEnum.swift; sourceTree = "<group>"; };
		6C9BE30920204D2700828C6E /* AMMemListType1VerController.swift */ = {isa = PBXFileReference; lastKnownFileType = sourcecode.swift; path = AMMemListType1VerController.swift; sourceTree = "<group>"; };
		6C9BE30A20204D2700828C6E /* AMMemListType1VerController.xib */ = {isa = PBXFileReference; lastKnownFileType = file.xib; path = AMMemListType1VerController.xib; sourceTree = "<group>"; };
		6C9BE30D20204D7900828C6E /* AMMemListType1VerCell.swift */ = {isa = PBXFileReference; lastKnownFileType = sourcecode.swift; path = AMMemListType1VerCell.swift; sourceTree = "<group>"; };
		6C9BE30E20204D7900828C6E /* AMMemListType1VerCell.xib */ = {isa = PBXFileReference; lastKnownFileType = file.xib; path = AMMemListType1VerCell.xib; sourceTree = "<group>"; };
		6CA686292011C705004011D7 /* AMLandingViewCell.swift */ = {isa = PBXFileReference; lastKnownFileType = sourcecode.swift; path = AMLandingViewCell.swift; sourceTree = "<group>"; };
		6CA6862A2011C705004011D7 /* AMLandingViewCell.xib */ = {isa = PBXFileReference; lastKnownFileType = file.xib; path = AMLandingViewCell.xib; sourceTree = "<group>"; };
		6CA6862E2011C914004011D7 /* AMInterestsViewController.swift */ = {isa = PBXFileReference; lastKnownFileType = sourcecode.swift; path = AMInterestsViewController.swift; sourceTree = "<group>"; };
		6CA6862F2011C914004011D7 /* AMInterestsViewController.xib */ = {isa = PBXFileReference; lastKnownFileType = file.xib; path = AMInterestsViewController.xib; sourceTree = "<group>"; };
		6CA69EC820160B4D00926655 /* AMAccomplishmentsController.swift */ = {isa = PBXFileReference; lastKnownFileType = sourcecode.swift; path = AMAccomplishmentsController.swift; sourceTree = "<group>"; };
		6CA69EC920160B4D00926655 /* AMAccomplishmentsController.xib */ = {isa = PBXFileReference; lastKnownFileType = file.xib; path = AMAccomplishmentsController.xib; sourceTree = "<group>"; };
		6CA69ED420161C7900926655 /* AMAccomplishmentCell.swift */ = {isa = PBXFileReference; lastKnownFileType = sourcecode.swift; path = AMAccomplishmentCell.swift; sourceTree = "<group>"; };
		6CA69ED520161C7900926655 /* AMAccomplishmentCell.xib */ = {isa = PBXFileReference; lastKnownFileType = file.xib; path = AMAccomplishmentCell.xib; sourceTree = "<group>"; };
		6CAFBC5D20107283005A975D /* Catalogue.app */ = {isa = PBXFileReference; explicitFileType = wrapper.application; includeInIndex = 0; path = Catalogue.app; sourceTree = BUILT_PRODUCTS_DIR; };
		6CAFBC6020107283005A975D /* AppDelegate.swift */ = {isa = PBXFileReference; lastKnownFileType = sourcecode.swift; path = AppDelegate.swift; sourceTree = "<group>"; };
		6CAFBC6720107283005A975D /* Assets.xcassets */ = {isa = PBXFileReference; lastKnownFileType = folder.assetcatalog; path = Assets.xcassets; sourceTree = "<group>"; };
		6CAFBC6A20107283005A975D /* Base */ = {isa = PBXFileReference; lastKnownFileType = file.storyboard; name = Base; path = Base.lproj/LaunchScreen.storyboard; sourceTree = "<group>"; };
		6CAFBC6C20107283005A975D /* Info.plist */ = {isa = PBXFileReference; lastKnownFileType = text.plist.xml; path = Info.plist; sourceTree = "<group>"; };
		6CAFBC7720107343005A975D /* AMLandingViewController.swift */ = {isa = PBXFileReference; lastKnownFileType = sourcecode.swift; path = AMLandingViewController.swift; sourceTree = "<group>"; };
		6CAFBC7820107343005A975D /* AMLandingViewController.xib */ = {isa = PBXFileReference; lastKnownFileType = file.xib; path = AMLandingViewController.xib; sourceTree = "<group>"; };
		6CAFBC7D20107400005A975D /* Base */ = {isa = PBXFileReference; lastKnownFileType = file.storyboard; name = Base; path = aimee/Base.lproj/Main.storyboard; sourceTree = SOURCE_ROOT; };
		6CAFBC7F20107409005A975D /* ViewController.swift */ = {isa = PBXFileReference; fileEncoding = 4; lastKnownFileType = sourcecode.swift; name = ViewController.swift; path = aimee/ViewController.swift; sourceTree = SOURCE_ROOT; };
		6CAFBC82201075F8005A975D /* AMAuthViewController.swift */ = {isa = PBXFileReference; lastKnownFileType = sourcecode.swift; path = AMAuthViewController.swift; sourceTree = "<group>"; };
		6CAFBC83201075F8005A975D /* AMAuthViewController.xib */ = {isa = PBXFileReference; lastKnownFileType = file.xib; path = AMAuthViewController.xib; sourceTree = "<group>"; };
		6CAFBC88201078F1005A975D /* Montserrat-Regular.otf */ = {isa = PBXFileReference; lastKnownFileType = file; path = "Montserrat-Regular.otf"; sourceTree = "<group>"; };
		6CAFBC89201078F1005A975D /* Montserrat-Light.otf */ = {isa = PBXFileReference; lastKnownFileType = file; path = "Montserrat-Light.otf"; sourceTree = "<group>"; };
		6CAFBC8A201078F1005A975D /* Montserrat-Bold.otf */ = {isa = PBXFileReference; lastKnownFileType = file; path = "Montserrat-Bold.otf"; sourceTree = "<group>"; };
		6CAFBC8B201078F1005A975D /* Montserrat-SemiBold.otf */ = {isa = PBXFileReference; lastKnownFileType = file; path = "Montserrat-SemiBold.otf"; sourceTree = "<group>"; };
		6CAFBC8C201078F1005A975D /* Montserrat-Hairline.otf */ = {isa = PBXFileReference; lastKnownFileType = file; path = "Montserrat-Hairline.otf"; sourceTree = "<group>"; };
		6CAFBC8D201078F1005A975D /* Montserrat-Black.otf */ = {isa = PBXFileReference; lastKnownFileType = file; path = "Montserrat-Black.otf"; sourceTree = "<group>"; };
		6CAFBC8E201078F1005A975D /* Montserrat-UltraLight.otf */ = {isa = PBXFileReference; lastKnownFileType = file; path = "Montserrat-UltraLight.otf"; sourceTree = "<group>"; };
		6CAFBC8F201078F1005A975D /* Montserrat-ExtraBold.otf */ = {isa = PBXFileReference; lastKnownFileType = file; path = "Montserrat-ExtraBold.otf"; sourceTree = "<group>"; };
		6CAFBC90201078F1005A975D /* Montserrat-Medium.otf */ = {isa = PBXFileReference; lastKnownFileType = file; path = "Montserrat-Medium.otf"; sourceTree = "<group>"; };
		6CAFBC9A20107AA6005A975D /* ColorConstants.swift */ = {isa = PBXFileReference; lastKnownFileType = sourcecode.swift; path = ColorConstants.swift; sourceTree = "<group>"; };
		6CAFBC9C20107AB5005A975D /* UIColorExtension.swift */ = {isa = PBXFileReference; lastKnownFileType = sourcecode.swift; path = UIColorExtension.swift; sourceTree = "<group>"; };
		6CAFBCA020107E79005A975D /* UIViewExtension.swift */ = {isa = PBXFileReference; lastKnownFileType = sourcecode.swift; path = UIViewExtension.swift; sourceTree = "<group>"; };
		6CAFBCA22010877C005A975D /* OpenSans-ExtraBold.ttf */ = {isa = PBXFileReference; lastKnownFileType = file; path = "OpenSans-ExtraBold.ttf"; sourceTree = "<group>"; };
		6CAFBCA32010877D005A975D /* OpenSans-ExtraBoldItalic.ttf */ = {isa = PBXFileReference; lastKnownFileType = file; path = "OpenSans-ExtraBoldItalic.ttf"; sourceTree = "<group>"; };
		6CAFBCA42010877D005A975D /* OpenSans-Italic.ttf */ = {isa = PBXFileReference; lastKnownFileType = file; path = "OpenSans-Italic.ttf"; sourceTree = "<group>"; };
		6CAFBCA52010877D005A975D /* OpenSans-LightItalic.ttf */ = {isa = PBXFileReference; lastKnownFileType = file; path = "OpenSans-LightItalic.ttf"; sourceTree = "<group>"; };
		6CAFBCA62010877D005A975D /* OpenSans-Regular.ttf */ = {isa = PBXFileReference; lastKnownFileType = file; path = "OpenSans-Regular.ttf"; sourceTree = "<group>"; };
		6CAFBCA72010877D005A975D /* OpenSans-SemiBold.ttf */ = {isa = PBXFileReference; lastKnownFileType = file; path = "OpenSans-SemiBold.ttf"; sourceTree = "<group>"; };
		6CAFBCA82010877E005A975D /* OpenSans-BoldItalic.ttf */ = {isa = PBXFileReference; lastKnownFileType = file; path = "OpenSans-BoldItalic.ttf"; sourceTree = "<group>"; };
		6CAFBCA92010877E005A975D /* OpenSans-SemiBoldItalic.ttf */ = {isa = PBXFileReference; lastKnownFileType = file; path = "OpenSans-SemiBoldItalic.ttf"; sourceTree = "<group>"; };
		6CAFBCAA2010877E005A975D /* OpenSans-Light.ttf */ = {isa = PBXFileReference; lastKnownFileType = file; path = "OpenSans-Light.ttf"; sourceTree = "<group>"; };
		6CAFBCAB2010877E005A975D /* OpenSans-Bold.ttf */ = {isa = PBXFileReference; lastKnownFileType = file; path = "OpenSans-Bold.ttf"; sourceTree = "<group>"; };
		6CAFBCB620108879005A975D /* Utilities.swift */ = {isa = PBXFileReference; lastKnownFileType = sourcecode.swift; path = Utilities.swift; sourceTree = "<group>"; };
		6CAFBCB820109C97005A975D /* UILabelExtension.swift */ = {isa = PBXFileReference; lastKnownFileType = sourcecode.swift; path = UILabelExtension.swift; sourceTree = "<group>"; };
		6CAFBCBA2010A0A3005A975D /* NSAttributtedStringExtension.swift */ = {isa = PBXFileReference; lastKnownFileType = sourcecode.swift; path = NSAttributtedStringExtension.swift; sourceTree = "<group>"; };
		6CAFBCBC2010A461005A975D /* AppConstants.swift */ = {isa = PBXFileReference; lastKnownFileType = sourcecode.swift; path = AppConstants.swift; sourceTree = "<group>"; };
		6CAFBCC42010BDD9005A975D /* UIViewControllerExtension.swift */ = {isa = PBXFileReference; lastKnownFileType = sourcecode.swift; path = UIViewControllerExtension.swift; sourceTree = "<group>"; };
		6CAFBCC62010D310005A975D /* UITextFieldExtension.swift */ = {isa = PBXFileReference; lastKnownFileType = sourcecode.swift; path = UITextFieldExtension.swift; sourceTree = "<group>"; };
		6CC7000B203FEB08009A3F2F /* AMTextAnimationController.swift */ = {isa = PBXFileReference; lastKnownFileType = sourcecode.swift; path = AMTextAnimationController.swift; sourceTree = "<group>"; };
		6CC7000C203FEB08009A3F2F /* AMTextAnimationController.xib */ = {isa = PBXFileReference; lastKnownFileType = file.xib; path = AMTextAnimationController.xib; sourceTree = "<group>"; };
		6CC7001020401B8B009A3F2F /* AMMusicListVerticalController.swift */ = {isa = PBXFileReference; lastKnownFileType = sourcecode.swift; path = AMMusicListVerticalController.swift; sourceTree = "<group>"; };
		6CC7001120401B8B009A3F2F /* AMMusicListVerticalController.xib */ = {isa = PBXFileReference; lastKnownFileType = file.xib; path = AMMusicListVerticalController.xib; sourceTree = "<group>"; };
		6CCDB72B2017427600BB29D5 /* AMUserDetailsEntryController.swift */ = {isa = PBXFileReference; lastKnownFileType = sourcecode.swift; path = AMUserDetailsEntryController.swift; sourceTree = "<group>"; };
		6CCDB72C2017427600BB29D5 /* AMUserDetailsEntryController.xib */ = {isa = PBXFileReference; lastKnownFileType = file.xib; path = AMUserDetailsEntryController.xib; sourceTree = "<group>"; };
		6CCDB7AF20189A7400BB29D5 /* DateExtension.swift */ = {isa = PBXFileReference; lastKnownFileType = sourcecode.swift; path = DateExtension.swift; sourceTree = "<group>"; };
		6CCDB7DB2019B00900BB29D5 /* FacebookHelper.swift */ = {isa = PBXFileReference; fileEncoding = 4; lastKnownFileType = sourcecode.swift; path = FacebookHelper.swift; sourceTree = "<group>"; };
		6CCDB7DD2019B57D00BB29D5 /* FBResponseModel.swift */ = {isa = PBXFileReference; fileEncoding = 4; lastKnownFileType = sourcecode.swift; path = FBResponseModel.swift; sourceTree = "<group>"; };
		6CCDB7DF2019BA9D00BB29D5 /* UIImageView+Extension.swift */ = {isa = PBXFileReference; fileEncoding = 4; lastKnownFileType = sourcecode.swift; path = "UIImageView+Extension.swift"; sourceTree = "<group>"; };
		6CCDB7E22019C75700BB29D5 /* UserDetails.swift */ = {isa = PBXFileReference; lastKnownFileType = sourcecode.swift; path = UserDetails.swift; sourceTree = "<group>"; };
		6CCDB8062019F0C000BB29D5 /* AMAnimator.swift */ = {isa = PBXFileReference; lastKnownFileType = sourcecode.swift; path = AMAnimator.swift; sourceTree = "<group>"; };
		A1B406CE18CB4C8F1CE86B8E /* Pods_aimee.framework */ = {isa = PBXFileReference; explicitFileType = wrapper.framework; includeInIndex = 0; path = Pods_aimee.framework; sourceTree = BUILT_PRODUCTS_DIR; };
/* End PBXFileReference section */

/* Begin PBXFrameworksBuildPhase section */
		6CAFBC5A20107283005A975D /* Frameworks */ = {
			isa = PBXFrameworksBuildPhase;
			buildActionMask = 2147483647;
			files = (
				59EC43995E3FD4991E4912C9 /* Pods_aimee.framework in Frameworks */,
			);
			runOnlyForDeploymentPostprocessing = 0;
		};
/* End PBXFrameworksBuildPhase section */

/* Begin PBXGroup section */
		6C0AA2EB202888DC00AAACE7 /* Profile */ = {
			isa = PBXGroup;
			children = (
			);
			path = Profile;
			sourceTree = "<group>";
		};
		6C15764C201EF2BF00AE3146 /* Type1 */ = {
			isa = PBXGroup;
			children = (
				6CAFBC82201075F8005A975D /* AMAuthViewController.swift */,
				6CAFBC83201075F8005A975D /* AMAuthViewController.xib */,
			);
			path = Type1;
			sourceTree = "<group>";
		};
		6C15764E201EF2E400AE3146 /* Type2 */ = {
			isa = PBXGroup;
			children = (
				6C5663C2201A108C00BE00C6 /* PTRNCustomPageControlType2.swift */,
				6C5663C3201A108D00BE00C6 /* PTRNLoginType3ViewController.swift */,
				6C5663C1201A108C00BE00C6 /* PTRNLoginType3ViewController.xib */,
			);
			path = Type2;
			sourceTree = "<group>";
		};
		6C15764F201EF2F400AE3146 /* Type1 */ = {
			isa = PBXGroup;
			children = (
				6CAFBC7720107343005A975D /* AMLandingViewController.swift */,
				6CAFBC7820107343005A975D /* AMLandingViewController.xib */,
				6CA686292011C705004011D7 /* AMLandingViewCell.swift */,
				6CA6862A2011C705004011D7 /* AMLandingViewCell.xib */,
			);
			path = Type1;
			sourceTree = "<group>";
		};
		6C157650201EF2FF00AE3146 /* Type1 */ = {
			isa = PBXGroup;
			children = (
				6CA6862E2011C914004011D7 /* AMInterestsViewController.swift */,
				6CA6862F2011C914004011D7 /* AMInterestsViewController.xib */,
				6C0A3C9D2011E53100ED5E3F /* AMInterestsCell.swift */,
				6C0A3C9E2011E53100ED5E3F /* AMInterestsCell.xib */,
				6C0A3CA12011E89A00ED5E3F /* AMInterestsSectionHeader.swift */,
				6C0A3CA22011E89A00ED5E3F /* AMInterestsSectionHeader.xib */,
			);
			path = Type1;
			sourceTree = "<group>";
		};
		6C157651201EF30900AE3146 /* Type1 */ = {
			isa = PBXGroup;
			children = (
				6CA69EC820160B4D00926655 /* AMAccomplishmentsController.swift */,
				6CA69EC920160B4D00926655 /* AMAccomplishmentsController.xib */,
				6CA69ED420161C7900926655 /* AMAccomplishmentCell.swift */,
				6CA69ED520161C7900926655 /* AMAccomplishmentCell.xib */,
			);
			path = Type1;
			sourceTree = "<group>";
		};
		6C157652201EF31A00AE3146 /* Type1 */ = {
			isa = PBXGroup;
			children = (
				6CCDB72B2017427600BB29D5 /* AMUserDetailsEntryController.swift */,
				6CCDB72C2017427600BB29D5 /* AMUserDetailsEntryController.xib */,
			);
			path = Type1;
			sourceTree = "<group>";
		};
		6C157653201EF33600AE3146 /* Lists */ = {
			isa = PBXGroup;
			children = (
				6CC7000F20401B74009A3F2F /* Music */,
				6C9BE30720204CD000828C6E /* Members */,
				6C9BE30620204CC400828C6E /* Parallax */,
			);
			path = Lists;
			sourceTree = "<group>";
		};
		6C157658201EF36100AE3146 /* ParallaxVertical */ = {
			isa = PBXGroup;
			children = (
				6C157654201EF35900AE3146 /* AMListsType1Controller.swift */,
				6C157655201EF35900AE3146 /* AMListsType1Controller.xib */,
				6C157659201EF60A00AE3146 /* AMListsType1Cell.swift */,
				6C15765A201EF60A00AE3146 /* AMListsType1Cell.xib */,
			);
			path = ParallaxVertical;
			sourceTree = "<group>";
		};
		6C15765D201F082500AE3146 /* ParallaxHorizontal */ = {
			isa = PBXGroup;
			children = (
				6C15765E201F085600AE3146 /* AMListsType2Cell.swift */,
				6C15765F201F085600AE3146 /* AMListsType2Cell.xib */,
				6C157662201F086A00AE3146 /* AMListsType2Controller.swift */,
				6C157663201F086A00AE3146 /* AMListsType2Controller.xib */,
			);
			path = ParallaxHorizontal;
			sourceTree = "<group>";
		};
		6C157666201F249700AE3146 /* App drawer */ = {
			isa = PBXGroup;
			children = (
				6C157667201F24CD00AE3146 /* AMAppDrawerController.swift */,
				6C157668201F24CD00AE3146 /* AMAppDrawerController.xib */,
				6C15766B201F250800AE3146 /* AMAppDrawerCell.swift */,
				6C15766C201F250800AE3146 /* AMAppDrawerCell.xib */,
			);
			path = "App drawer";
			sourceTree = "<group>";
		};
		6C4EAD57203EE61800080A17 /* Alerts&Pickers */ = {
			isa = PBXGroup;
			children = (
				6C4EAD5B203EE65000080A17 /* Views */,
				6C4EAD5A203EE64600080A17 /* Viewers */,
				6C4EAD59203EE63F00080A17 /* Pickers */,
				6C4EAD58203EE62B00080A17 /* Extensions */,
			);
			path = "Alerts&Pickers";
			sourceTree = "<group>";
		};
		6C4EAD58203EE62B00080A17 /* Extensions */ = {
			isa = PBXGroup;
			children = (
				6C4EAD6A203EE68A00080A17 /* Array+Extensions.swift */,
				6C4EAD6F203EE68B00080A17 /* Common+Extensions.swift */,
				6C4EAD68203EE68A00080A17 /* Date+Extension.swift */,
				6C4EAD69203EE68A00080A17 /* Locale+Extensions.swift */,
				6C4EAD73203EE68B00080A17 /* Optional+Extensions.swift */,
				6C4EAD71203EE68B00080A17 /* String+Extensions.swift */,
				6C4EAD66203EE68A00080A17 /* UIAlertController+Extensions.swift */,
				6C4EAD70203EE68B00080A17 /* UIApplication+Extensions.swift */,
				6C4EAD67203EE68A00080A17 /* UIColor+Extensions.swift */,
				6C4EAD75203EE68B00080A17 /* UIImage+Extensions.swift */,
				6C4EAD74203EE68B00080A17 /* UIImageView+Extensions.swift */,
				6C4EAD6C203EE68A00080A17 /* UISearchBar+Extensions.swift */,
				6C4EAD72203EE68B00080A17 /* UISegmentedControl+Extensions.swift */,
				6C4EAD76203EE68B00080A17 /* UITextField+Extensions.swift */,
				6C4EAD6B203EE68A00080A17 /* UITextView+Extensions.swift */,
				6C4EAD6D203EE68A00080A17 /* UIView+Extensions.swift */,
				6C4EAD6E203EE68B00080A17 /* UIViewController+Extensions.swift */,
			);
			path = Extensions;
			sourceTree = "<group>";
		};
		6C4EAD59203EE63F00080A17 /* Pickers */ = {
			isa = PBXGroup;
			children = (
				6C4EADB6203FE50300080A17 /* DatePickerViewController.swift */,
			);
			path = Pickers;
			sourceTree = "<group>";
		};
		6C4EAD5A203EE64600080A17 /* Viewers */ = {
			isa = PBXGroup;
			children = (
				6C4EAD8A203EE6CA00080A17 /* AttributedTextBlock.swift */,
				6C4EAD88203EE6C200080A17 /* TextViewController.swift */,
			);
			path = Viewers;
			sourceTree = "<group>";
		};
		6C4EAD5B203EE65000080A17 /* Views */ = {
			isa = PBXGroup;
			children = (
				6C4EAD5C203EE67000080A17 /* Button.swift */,
				6C4EAD5D203EE67000080A17 /* GradientSlider.swift */,
				6C4EAD5E203EE67000080A17 /* Label.swift */,
				6C4EAD5F203EE67000080A17 /* SegmentedControl.swift */,
				6C4EAD60203EE67000080A17 /* TextField.swift */,
			);
			path = Views;
			sourceTree = "<group>";
		};
		6C5A75682022E247009ACF2A /* Type 2 Horizontal */ = {
			isa = PBXGroup;
			children = (
				6C5A75692022E290009ACF2A /* AMMemListType2HorController.swift */,
				6C5A756A2022E290009ACF2A /* AMMemListType2HorController.xib */,
				6C5A756D2022E2B0009ACF2A /* AMMemListTypw2HorCell.swift */,
				6C5A756E2022E2B0009ACF2A /* AMMemListTypw2HorCell.xib */,
			);
			path = "Type 2 Horizontal";
			sourceTree = "<group>";
		};
		6C9BE30620204CC400828C6E /* Parallax */ = {
			isa = PBXGroup;
			children = (
				6C15765D201F082500AE3146 /* ParallaxHorizontal */,
				6C157658201EF36100AE3146 /* ParallaxVertical */,
			);
			path = Parallax;
			sourceTree = "<group>";
		};
		6C9BE30720204CD000828C6E /* Members */ = {
			isa = PBXGroup;
			children = (
				6C5A75682022E247009ACF2A /* Type 2 Horizontal */,
				6C9BE30820204CD700828C6E /* Type1Vertical */,
			);
			path = Members;
			sourceTree = "<group>";
		};
		6C9BE30820204CD700828C6E /* Type1Vertical */ = {
			isa = PBXGroup;
			children = (
				6C9BE30920204D2700828C6E /* AMMemListType1VerController.swift */,
				6C9BE30A20204D2700828C6E /* AMMemListType1VerController.xib */,
				6C9BE30D20204D7900828C6E /* AMMemListType1VerCell.swift */,
				6C9BE30E20204D7900828C6E /* AMMemListType1VerCell.xib */,
			);
			path = Type1Vertical;
			sourceTree = "<group>";
		};
		6CA6862D2011C8F8004011D7 /* Interests */ = {
			isa = PBXGroup;
			children = (
				6C157650201EF2FF00AE3146 /* Type1 */,
			);
			path = Interests;
			sourceTree = "<group>";
		};
		6CA69EC720160B0E00926655 /* Accomplishments */ = {
			isa = PBXGroup;
			children = (
				6C157651201EF30900AE3146 /* Type1 */,
			);
			path = Accomplishments;
			sourceTree = "<group>";
		};
		6CAFBC5420107282005A975D = {
			isa = PBXGroup;
			children = (
				6CAFBC5F20107283005A975D /* aimee */,
				6CAFBC5E20107283005A975D /* Products */,
				904039E5266DF398EF81DB6B /* Pods */,
				79CC958541374005919AB635 /* Frameworks */,
			);
			sourceTree = "<group>";
		};
		6CAFBC5E20107283005A975D /* Products */ = {
			isa = PBXGroup;
			children = (
				6CAFBC5D20107283005A975D /* Catalogue.app */,
			);
			name = Products;
			sourceTree = "<group>";
		};
		6CAFBC5F20107283005A975D /* aimee */ = {
			isa = PBXGroup;
			children = (
				6CAFBC86201078D9005A975D /* Resources */,
				6CAFBC6020107283005A975D /* AppDelegate.swift */,
				6CAFBC73201072E6005A975D /* Helpers */,
				6CAFBC72201072D9005A975D /* Screens */,
				6CAFBC7B201073E1005A975D /* Others */,
				6CAFBC6720107283005A975D /* Assets.xcassets */,
				6CAFBC6920107283005A975D /* LaunchScreen.storyboard */,
				6CAFBC6C20107283005A975D /* Info.plist */,
			);
			path = aimee;
			sourceTree = "<group>";
		};
		6CAFBC72201072D9005A975D /* Screens */ = {
			isa = PBXGroup;
			children = (
				6CC7000A203FEAB9009A3F2F /* TextAnimations */,
				6C0AA2EB202888DC00AAACE7 /* Profile */,
				6C157666201F249700AE3146 /* App drawer */,
				6C157653201EF33600AE3146 /* Lists */,
				6CCDB72A2017426000BB29D5 /* UserDetailsEntry */,
				6CA69EC720160B0E00926655 /* Accomplishments */,
				6CA6862D2011C8F8004011D7 /* Interests */,
				6CAFBC81201075B2005A975D /* Auth */,
				6CAFBC762010730A005A975D /* Landing */,
			);
			path = Screens;
			sourceTree = "<group>";
		};
		6CAFBC73201072E6005A975D /* Helpers */ = {
			isa = PBXGroup;
			children = (
				6CCDB7E12019C72600BB29D5 /* Custom Object Classes */,
				6CCDB7DA2019AFF800BB29D5 /* SocialMediaWrappers */,
				6CCDB7712018777400BB29D5 /* CustomUI */,
				6CCDB72F201777DC00BB29D5 /* ThirdParty */,
				6CAFBC75201072FB005A975D /* Constants */,
				6CAFBC74201072F2005A975D /* Extensions */,
				6CAFBCB620108879005A975D /* Utilities.swift */,
				6CCDB8062019F0C000BB29D5 /* AMAnimator.swift */,
				6C5A759D202444F2009ACF2A /* UniversalProtocols.swift */,
			);
			path = Helpers;
			sourceTree = "<group>";
		};
		6CAFBC74201072F2005A975D /* Extensions */ = {
			isa = PBXGroup;
			children = (
				6CCDB7DF2019BA9D00BB29D5 /* UIImageView+Extension.swift */,
				6CAFBC9C20107AB5005A975D /* UIColorExtension.swift */,
				6CAFBCA020107E79005A975D /* UIViewExtension.swift */,
				6CAFBCB820109C97005A975D /* UILabelExtension.swift */,
				6CAFBCBA2010A0A3005A975D /* NSAttributtedStringExtension.swift */,
				6CAFBCC42010BDD9005A975D /* UIViewControllerExtension.swift */,
				6CAFBCC62010D310005A975D /* UITextFieldExtension.swift */,
				6CCDB7AF20189A7400BB29D5 /* DateExtension.swift */,
				6C5A75662020644A009ACF2A /* Collections&SequencesExtension.swift */,
			);
			path = Extensions;
			sourceTree = "<group>";
		};
		6CAFBC75201072FB005A975D /* Constants */ = {
			isa = PBXGroup;
			children = (
				6CAFBC9A20107AA6005A975D /* ColorConstants.swift */,
				6CAFBCBC2010A461005A975D /* AppConstants.swift */,
				6C0A3CA520120FBD00ED5E3F /* AMTagLayout.swift */,
				6C9BE30320204B0900828C6E /* ScreenTypeEnum.swift */,
			);
			path = Constants;
			sourceTree = "<group>";
		};
		6CAFBC762010730A005A975D /* Landing */ = {
			isa = PBXGroup;
			children = (
				6C15764F201EF2F400AE3146 /* Type1 */,
			);
			path = Landing;
			sourceTree = "<group>";
		};
		6CAFBC7B201073E1005A975D /* Others */ = {
			isa = PBXGroup;
			children = (
				6CAFBC7F20107409005A975D /* ViewController.swift */,
				6CAFBC7C20107400005A975D /* Main.storyboard */,
			);
			path = Others;
			sourceTree = "<group>";
		};
		6CAFBC81201075B2005A975D /* Auth */ = {
			isa = PBXGroup;
			children = (
				6C15764C201EF2BF00AE3146 /* Type1 */,
				6C15764E201EF2E400AE3146 /* Type2 */,
			);
			path = Auth;
			sourceTree = "<group>";
		};
		6CAFBC86201078D9005A975D /* Resources */ = {
			isa = PBXGroup;
			children = (
				6CAFBC87201078E1005A975D /* Fonts */,
			);
			path = Resources;
			sourceTree = "<group>";
		};
		6CAFBC87201078E1005A975D /* Fonts */ = {
			isa = PBXGroup;
			children = (
				6C5663C8201A123300BE00C6 /* Futura PT Condensed Medium Italic.otf */,
				6C5663C7201A123300BE00C6 /* Futura PT Demi.otf */,
				6C5663C9201A123300BE00C6 /* Roboto-Medium.ttf */,
				6CAFBC8D201078F1005A975D /* Montserrat-Black.otf */,
				6CAFBC8A201078F1005A975D /* Montserrat-Bold.otf */,
				6CAFBC8F201078F1005A975D /* Montserrat-ExtraBold.otf */,
				6CAFBC8C201078F1005A975D /* Montserrat-Hairline.otf */,
				6CAFBC89201078F1005A975D /* Montserrat-Light.otf */,
				6CAFBC90201078F1005A975D /* Montserrat-Medium.otf */,
				6CAFBC88201078F1005A975D /* Montserrat-Regular.otf */,
				6CAFBC8B201078F1005A975D /* Montserrat-SemiBold.otf */,
				6CAFBC8E201078F1005A975D /* Montserrat-UltraLight.otf */,
				6CAFBCAB2010877E005A975D /* OpenSans-Bold.ttf */,
				6CAFBCA82010877E005A975D /* OpenSans-BoldItalic.ttf */,
				6CAFBCA22010877C005A975D /* OpenSans-ExtraBold.ttf */,
				6CAFBCA32010877D005A975D /* OpenSans-ExtraBoldItalic.ttf */,
				6CAFBCA42010877D005A975D /* OpenSans-Italic.ttf */,
				6CAFBCAA2010877E005A975D /* OpenSans-Light.ttf */,
				6CAFBCA52010877D005A975D /* OpenSans-LightItalic.ttf */,
				6CAFBCA62010877D005A975D /* OpenSans-Regular.ttf */,
				6CAFBCA72010877D005A975D /* OpenSans-SemiBold.ttf */,
				6CAFBCA92010877E005A975D /* OpenSans-SemiBoldItalic.ttf */,
			);
			path = Fonts;
			sourceTree = "<group>";
		};
		6CC7000A203FEAB9009A3F2F /* TextAnimations */ = {
			isa = PBXGroup;
			children = (
				6CC7000B203FEB08009A3F2F /* AMTextAnimationController.swift */,
				6CC7000C203FEB08009A3F2F /* AMTextAnimationController.xib */,
			);
			path = TextAnimations;
			sourceTree = "<group>";
		};
		6CC7000F20401B74009A3F2F /* Music */ = {
			isa = PBXGroup;
			children = (
				6CC7001020401B8B009A3F2F /* AMMusicListVerticalController.swift */,
				6CC7001120401B8B009A3F2F /* AMMusicListVerticalController.xib */,
			);
			path = Music;
			sourceTree = "<group>";
		};
		6CCDB72A2017426000BB29D5 /* UserDetailsEntry */ = {
			isa = PBXGroup;
			children = (
				6C157652201EF31A00AE3146 /* Type1 */,
			);
			path = UserDetailsEntry;
			sourceTree = "<group>";
		};
		6CCDB72F201777DC00BB29D5 /* ThirdParty */ = {
			isa = PBXGroup;
			children = (
				6C4EAD57203EE61800080A17 /* Alerts&Pickers */,
			);
			path = ThirdParty;
			sourceTree = "<group>";
		};
		6CCDB7712018777400BB29D5 /* CustomUI */ = {
			isa = PBXGroup;
			children = (
				6C5A759B20244023009ACF2A /* AMHorizontalCarouselLayout.swift */,
			);
			path = CustomUI;
			sourceTree = "<group>";
		};
		6CCDB7DA2019AFF800BB29D5 /* SocialMediaWrappers */ = {
			isa = PBXGroup;
			children = (
				6CCDB7DB2019B00900BB29D5 /* FacebookHelper.swift */,
				6CCDB7DD2019B57D00BB29D5 /* FBResponseModel.swift */,
			);
			path = SocialMediaWrappers;
			sourceTree = "<group>";
		};
		6CCDB7E12019C72600BB29D5 /* Custom Object Classes */ = {
			isa = PBXGroup;
			children = (
				6CCDB7E22019C75700BB29D5 /* UserDetails.swift */,
			);
			path = "Custom Object Classes";
			sourceTree = "<group>";
		};
		79CC958541374005919AB635 /* Frameworks */ = {
			isa = PBXGroup;
			children = (
				A1B406CE18CB4C8F1CE86B8E /* Pods_aimee.framework */,
			);
			name = Frameworks;
			sourceTree = "<group>";
		};
		904039E5266DF398EF81DB6B /* Pods */ = {
			isa = PBXGroup;
			children = (
				4F7DE238FFAF03D8C82E0F12 /* Pods-aimee.debug.xcconfig */,
				1FCB45C1880034E1452F46A9 /* Pods-aimee.release.xcconfig */,
			);
			name = Pods;
			sourceTree = "<group>";
		};
/* End PBXGroup section */

/* Begin PBXNativeTarget section */
		6CAFBC5C20107283005A975D /* aimee */ = {
			isa = PBXNativeTarget;
			buildConfigurationList = 6CAFBC6F20107283005A975D /* Build configuration list for PBXNativeTarget "aimee" */;
			buildPhases = (
				9C66E10AC28577344C963DB0 /* [CP] Check Pods Manifest.lock */,
				6CAFBC5920107283005A975D /* Sources */,
				6CAFBC5A20107283005A975D /* Frameworks */,
				6CAFBC5B20107283005A975D /* Resources */,
				76E9756D55A0F60A1FAC22E6 /* [CP] Embed Pods Frameworks */,
				E4A6ED09C46563B2BEC14C60 /* [CP] Copy Pods Resources */,
			);
			buildRules = (
			);
			dependencies = (
			);
			name = aimee;
			productName = aimee;
			productReference = 6CAFBC5D20107283005A975D /* Catalogue.app */;
			productType = "com.apple.product-type.application";
		};
/* End PBXNativeTarget section */

/* Begin PBXProject section */
		6CAFBC5520107282005A975D /* Project object */ = {
			isa = PBXProject;
			attributes = {
				LastSwiftUpdateCheck = 0920;
				LastUpgradeCheck = 0920;
				ORGANIZATIONNAME = F22Labs;
				TargetAttributes = {
					6CAFBC5C20107283005A975D = {
						CreatedOnToolsVersion = 9.2;
						ProvisioningStyle = Automatic;
					};
				};
			};
			buildConfigurationList = 6CAFBC5820107282005A975D /* Build configuration list for PBXProject "aimee" */;
			compatibilityVersion = "Xcode 8.0";
			developmentRegion = en;
			hasScannedForEncodings = 0;
			knownRegions = (
				en,
				Base,
			);
			mainGroup = 6CAFBC5420107282005A975D;
			productRefGroup = 6CAFBC5E20107283005A975D /* Products */;
			projectDirPath = "";
			projectRoot = "";
			targets = (
				6CAFBC5C20107283005A975D /* aimee */,
			);
		};
/* End PBXProject section */

/* Begin PBXResourcesBuildPhase section */
		6CAFBC5B20107283005A975D /* Resources */ = {
			isa = PBXResourcesBuildPhase;
			buildActionMask = 2147483647;
			files = (
				6C15766E201F250800AE3146 /* AMAppDrawerCell.xib in Resources */,
				6C0A3CA02011E53100ED5E3F /* AMInterestsCell.xib in Resources */,
				6CAFBC85201075F8005A975D /* AMAuthViewController.xib in Resources */,
				6CAFBC96201078F1005A975D /* Montserrat-Black.otf in Resources */,
				6CAFBCB52010877E005A975D /* OpenSans-Bold.ttf in Resources */,
				6CAFBC7A20107343005A975D /* AMLandingViewController.xib in Resources */,
				6CAFBCB22010877E005A975D /* OpenSans-BoldItalic.ttf in Resources */,
				6C9BE31020204D7900828C6E /* AMMemListType1VerCell.xib in Resources */,
				6CAFBC6B20107283005A975D /* LaunchScreen.storyboard in Resources */,
				6CAFBC97201078F1005A975D /* Montserrat-UltraLight.otf in Resources */,
				6C5663CC201A123400BE00C6 /* Roboto-Medium.ttf in Resources */,
				6C5663CB201A123400BE00C6 /* Futura PT Condensed Medium Italic.otf in Resources */,
				6CAFBC99201078F1005A975D /* Montserrat-Medium.otf in Resources */,
				6CAFBC94201078F1005A975D /* Montserrat-SemiBold.otf in Resources */,
				6CAFBCB32010877E005A975D /* OpenSans-SemiBoldItalic.ttf in Resources */,
				6CA686312011C914004011D7 /* AMInterestsViewController.xib in Resources */,
				6CA69ED720161C7900926655 /* AMAccomplishmentCell.xib in Resources */,
				6CAFBCAD2010877E005A975D /* OpenSans-ExtraBoldItalic.ttf in Resources */,
				6C157665201F086A00AE3146 /* AMListsType2Controller.xib in Resources */,
				6C157657201EF35900AE3146 /* AMListsType1Controller.xib in Resources */,
				6CAFBCAF2010877E005A975D /* OpenSans-LightItalic.ttf in Resources */,
				6C15766A201F24CD00AE3146 /* AMAppDrawerController.xib in Resources */,
				6CAFBC6820107283005A975D /* Assets.xcassets in Resources */,
				6CC7000E203FEB08009A3F2F /* AMTextAnimationController.xib in Resources */,
				6CC7001320401B8B009A3F2F /* AMMusicListVerticalController.xib in Resources */,
				6CAFBCB02010877E005A975D /* OpenSans-Regular.ttf in Resources */,
				6C5A756C2022E290009ACF2A /* AMMemListType2HorController.xib in Resources */,
				6C9BE30C20204D2700828C6E /* AMMemListType1VerController.xib in Resources */,
				6CAFBC7E20107400005A975D /* Main.storyboard in Resources */,
				6CAFBCB12010877E005A975D /* OpenSans-SemiBold.ttf in Resources */,
				6C0A3CA42011E89A00ED5E3F /* AMInterestsSectionHeader.xib in Resources */,
				6CAFBCB42010877E005A975D /* OpenSans-Light.ttf in Resources */,
				6CA6862C2011C705004011D7 /* AMLandingViewCell.xib in Resources */,
				6CCDB72E2017427600BB29D5 /* AMUserDetailsEntryController.xib in Resources */,
				6C157661201F085600AE3146 /* AMListsType2Cell.xib in Resources */,
				6CA69ECB20160B4D00926655 /* AMAccomplishmentsController.xib in Resources */,
				6CAFBC92201078F1005A975D /* Montserrat-Light.otf in Resources */,
				6CAFBC98201078F1005A975D /* Montserrat-ExtraBold.otf in Resources */,
				6CAFBC91201078F1005A975D /* Montserrat-Regular.otf in Resources */,
				6C5A75702022E2B0009ACF2A /* AMMemListTypw2HorCell.xib in Resources */,
				6CAFBCAE2010877E005A975D /* OpenSans-Italic.ttf in Resources */,
				6C5663CA201A123400BE00C6 /* Futura PT Demi.otf in Resources */,
				6CAFBC95201078F1005A975D /* Montserrat-Hairline.otf in Resources */,
				6CAFBC93201078F1005A975D /* Montserrat-Bold.otf in Resources */,
				6C15765C201EF60A00AE3146 /* AMListsType1Cell.xib in Resources */,
				6CAFBCAC2010877E005A975D /* OpenSans-ExtraBold.ttf in Resources */,
				6C5663C4201A108D00BE00C6 /* PTRNLoginType3ViewController.xib in Resources */,
			);
			runOnlyForDeploymentPostprocessing = 0;
		};
/* End PBXResourcesBuildPhase section */

/* Begin PBXShellScriptBuildPhase section */
		76E9756D55A0F60A1FAC22E6 /* [CP] Embed Pods Frameworks */ = {
			isa = PBXShellScriptBuildPhase;
			buildActionMask = 2147483647;
			files = (
			);
			inputPaths = (
				"${SRCROOT}/Pods/Target Support Files/Pods-aimee/Pods-aimee-frameworks.sh",
				"${BUILT_PRODUCTS_DIR}/Bolts/Bolts.framework",
				"${BUILT_PRODUCTS_DIR}/FBSDKCoreKit/FBSDKCoreKit.framework",
				"${BUILT_PRODUCTS_DIR}/FBSDKLoginKit/FBSDKLoginKit.framework",
				"${BUILT_PRODUCTS_DIR}/FacebookCore/FacebookCore.framework",
				"${BUILT_PRODUCTS_DIR}/FacebookLogin/FacebookLogin.framework",
				"${BUILT_PRODUCTS_DIR}/Fusuma/Fusuma.framework",
				"${BUILT_PRODUCTS_DIR}/SDWebImage/SDWebImage.framework",
				"${BUILT_PRODUCTS_DIR}/SwiftMessages/SwiftMessages.framework",
				"${BUILT_PRODUCTS_DIR}/SwiftyJSON/SwiftyJSON.framework",
				"${BUILT_PRODUCTS_DIR}/ZCAnimatedLabel/ZCAnimatedLabel.framework",
			);
			name = "[CP] Embed Pods Frameworks";
			outputPaths = (
				"${TARGET_BUILD_DIR}/${FRAMEWORKS_FOLDER_PATH}/Bolts.framework",
				"${TARGET_BUILD_DIR}/${FRAMEWORKS_FOLDER_PATH}/FBSDKCoreKit.framework",
				"${TARGET_BUILD_DIR}/${FRAMEWORKS_FOLDER_PATH}/FBSDKLoginKit.framework",
				"${TARGET_BUILD_DIR}/${FRAMEWORKS_FOLDER_PATH}/FacebookCore.framework",
				"${TARGET_BUILD_DIR}/${FRAMEWORKS_FOLDER_PATH}/FacebookLogin.framework",
				"${TARGET_BUILD_DIR}/${FRAMEWORKS_FOLDER_PATH}/Fusuma.framework",
				"${TARGET_BUILD_DIR}/${FRAMEWORKS_FOLDER_PATH}/SDWebImage.framework",
				"${TARGET_BUILD_DIR}/${FRAMEWORKS_FOLDER_PATH}/SwiftMessages.framework",
				"${TARGET_BUILD_DIR}/${FRAMEWORKS_FOLDER_PATH}/SwiftyJSON.framework",
				"${TARGET_BUILD_DIR}/${FRAMEWORKS_FOLDER_PATH}/ZCAnimatedLabel.framework",
			);
			runOnlyForDeploymentPostprocessing = 0;
			shellPath = /bin/sh;
			shellScript = "\"${SRCROOT}/Pods/Target Support Files/Pods-aimee/Pods-aimee-frameworks.sh\"\n";
			showEnvVarsInLog = 0;
		};
		9C66E10AC28577344C963DB0 /* [CP] Check Pods Manifest.lock */ = {
			isa = PBXShellScriptBuildPhase;
			buildActionMask = 2147483647;
			files = (
			);
			inputPaths = (
				"${PODS_PODFILE_DIR_PATH}/Podfile.lock",
				"${PODS_ROOT}/Manifest.lock",
			);
			name = "[CP] Check Pods Manifest.lock";
			outputPaths = (
				"$(DERIVED_FILE_DIR)/Pods-aimee-checkManifestLockResult.txt",
			);
			runOnlyForDeploymentPostprocessing = 0;
			shellPath = /bin/sh;
			shellScript = "diff \"${PODS_PODFILE_DIR_PATH}/Podfile.lock\" \"${PODS_ROOT}/Manifest.lock\" > /dev/null\nif [ $? != 0 ] ; then\n    # print error to STDERR\n    echo \"error: The sandbox is not in sync with the Podfile.lock. Run 'pod install' or update your CocoaPods installation.\" >&2\n    exit 1\nfi\n# This output is used by Xcode 'outputs' to avoid re-running this script phase.\necho \"SUCCESS\" > \"${SCRIPT_OUTPUT_FILE_0}\"\n";
			showEnvVarsInLog = 0;
		};
		E4A6ED09C46563B2BEC14C60 /* [CP] Copy Pods Resources */ = {
			isa = PBXShellScriptBuildPhase;
			buildActionMask = 2147483647;
			files = (
			);
			inputPaths = (
			);
			name = "[CP] Copy Pods Resources";
			outputPaths = (
			);
			runOnlyForDeploymentPostprocessing = 0;
			shellPath = /bin/sh;
			shellScript = "\"${SRCROOT}/Pods/Target Support Files/Pods-aimee/Pods-aimee-resources.sh\"\n";
			showEnvVarsInLog = 0;
		};
/* End PBXShellScriptBuildPhase section */

/* Begin PBXSourcesBuildPhase section */
		6CAFBC5920107283005A975D /* Sources */ = {
			isa = PBXSourcesBuildPhase;
			buildActionMask = 2147483647;
			files = (
				6C4EAD85203EE68B00080A17 /* UIImageView+Extensions.swift in Sources */,
				6CCDB7B020189A7400BB29D5 /* DateExtension.swift in Sources */,
				6C4EAD8B203EE6CA00080A17 /* AttributedTextBlock.swift in Sources */,
				6C4EAD61203EE67000080A17 /* Button.swift in Sources */,
				6C4EAD64203EE67000080A17 /* SegmentedControl.swift in Sources */,
				6C4EAD78203EE68B00080A17 /* UIColor+Extensions.swift in Sources */,
				6CCDB72D2017427600BB29D5 /* AMUserDetailsEntryController.swift in Sources */,
				6C9BE30B20204D2700828C6E /* AMMemListType1VerController.swift in Sources */,
				6C5A75672020644A009ACF2A /* Collections&SequencesExtension.swift in Sources */,
				6CCDB7DC2019B00900BB29D5 /* FacebookHelper.swift in Sources */,
				6C0A3CA32011E89A00ED5E3F /* AMInterestsSectionHeader.swift in Sources */,
				6C4EAD79203EE68B00080A17 /* Date+Extension.swift in Sources */,
				6C5A759E202444F2009ACF2A /* UniversalProtocols.swift in Sources */,
				6CAFBCBB2010A0A3005A975D /* NSAttributtedStringExtension.swift in Sources */,
				6C4EAD62203EE67000080A17 /* GradientSlider.swift in Sources */,
				6C157660201F085600AE3146 /* AMListsType2Cell.swift in Sources */,
				6C4EADB7203FE50300080A17 /* DatePickerViewController.swift in Sources */,
				6C4EAD86203EE68B00080A17 /* UIImage+Extensions.swift in Sources */,
				6C157669201F24CD00AE3146 /* AMAppDrawerController.swift in Sources */,
				6C4EAD7C203EE68B00080A17 /* UITextView+Extensions.swift in Sources */,
				6CCDB7E02019BA9D00BB29D5 /* UIImageView+Extension.swift in Sources */,
				6CA69ED620161C7900926655 /* AMAccomplishmentCell.swift in Sources */,
				6CAFBC84201075F8005A975D /* AMAuthViewController.swift in Sources */,
				6CC7000D203FEB08009A3F2F /* AMTextAnimationController.swift in Sources */,
				6C15765B201EF60A00AE3146 /* AMListsType1Cell.swift in Sources */,
				6C5A756F2022E2B0009ACF2A /* AMMemListTypw2HorCell.swift in Sources */,
				6C4EAD84203EE68B00080A17 /* Optional+Extensions.swift in Sources */,
				6CAFBC8020107409005A975D /* ViewController.swift in Sources */,
				6C5663C6201A108D00BE00C6 /* PTRNLoginType3ViewController.swift in Sources */,
				6C157656201EF35900AE3146 /* AMListsType1Controller.swift in Sources */,
				6C9BE30420204B0900828C6E /* ScreenTypeEnum.swift in Sources */,
				6C157664201F086A00AE3146 /* AMListsType2Controller.swift in Sources */,
				6C4EAD89203EE6C200080A17 /* TextViewController.swift in Sources */,
				6C4EAD87203EE68B00080A17 /* UITextField+Extensions.swift in Sources */,
				6C4EAD82203EE68B00080A17 /* String+Extensions.swift in Sources */,
				6C4EAD81203EE68B00080A17 /* UIApplication+Extensions.swift in Sources */,
				6CAFBCBD2010A461005A975D /* AppConstants.swift in Sources */,
				6C4EAD7F203EE68B00080A17 /* UIViewController+Extensions.swift in Sources */,
				6C5A759C20244023009ACF2A /* AMHorizontalCarouselLayout.swift in Sources */,
				6CA686302011C914004011D7 /* AMInterestsViewController.swift in Sources */,
				6CAFBC7920107343005A975D /* AMLandingViewController.swift in Sources */,
				6CAFBC9B20107AA6005A975D /* ColorConstants.swift in Sources */,
				6CCDB7E32019C75700BB29D5 /* UserDetails.swift in Sources */,
				6C5663C5201A108D00BE00C6 /* PTRNCustomPageControlType2.swift in Sources */,
				6CAFBCA120107E79005A975D /* UIViewExtension.swift in Sources */,
				6CAFBCC72010D310005A975D /* UITextFieldExtension.swift in Sources */,
				6C4EAD7B203EE68B00080A17 /* Array+Extensions.swift in Sources */,
				6C4EAD77203EE68B00080A17 /* UIAlertController+Extensions.swift in Sources */,
				6CA69ECA20160B4D00926655 /* AMAccomplishmentsController.swift in Sources */,
				6CAFBC6120107283005A975D /* AppDelegate.swift in Sources */,
				6C9BE30F20204D7900828C6E /* AMMemListType1VerCell.swift in Sources */,
				6CAFBCC52010BDD9005A975D /* UIViewControllerExtension.swift in Sources */,
				6CAFBCB720108879005A975D /* Utilities.swift in Sources */,
				6C4EAD63203EE67000080A17 /* Label.swift in Sources */,
				6C4EAD7D203EE68B00080A17 /* UISearchBar+Extensions.swift in Sources */,
				6C5A756B2022E290009ACF2A /* AMMemListType2HorController.swift in Sources */,
				6CAFBCB920109C97005A975D /* UILabelExtension.swift in Sources */,
				6C0A3CA620120FBD00ED5E3F /* AMTagLayout.swift in Sources */,
				6C4EAD65203EE67000080A17 /* TextField.swift in Sources */,
				6CC7001220401B8B009A3F2F /* AMMusicListVerticalController.swift in Sources */,
				6C4EAD7A203EE68B00080A17 /* Locale+Extensions.swift in Sources */,
				6CCDB7DE2019B57D00BB29D5 /* FBResponseModel.swift in Sources */,
				6C4EAD7E203EE68B00080A17 /* UIView+Extensions.swift in Sources */,
				6CCDB8072019F0C000BB29D5 /* AMAnimator.swift in Sources */,
				6C15766D201F250800AE3146 /* AMAppDrawerCell.swift in Sources */,
				6CA6862B2011C705004011D7 /* AMLandingViewCell.swift in Sources */,
				6C4EAD83203EE68B00080A17 /* UISegmentedControl+Extensions.swift in Sources */,
				6CAFBC9D20107AB5005A975D /* UIColorExtension.swift in Sources */,
				6C4EAD80203EE68B00080A17 /* Common+Extensions.swift in Sources */,
				6C0A3C9F2011E53100ED5E3F /* AMInterestsCell.swift in Sources */,
			);
			runOnlyForDeploymentPostprocessing = 0;
		};
/* End PBXSourcesBuildPhase section */

/* Begin PBXVariantGroup section */
		6CAFBC6920107283005A975D /* LaunchScreen.storyboard */ = {
			isa = PBXVariantGroup;
			children = (
				6CAFBC6A20107283005A975D /* Base */,
			);
			name = LaunchScreen.storyboard;
			sourceTree = "<group>";
		};
		6CAFBC7C20107400005A975D /* Main.storyboard */ = {
			isa = PBXVariantGroup;
			children = (
				6CAFBC7D20107400005A975D /* Base */,
			);
			name = Main.storyboard;
			sourceTree = "<group>";
		};
/* End PBXVariantGroup section */

/* Begin XCBuildConfiguration section */
		6CAFBC6D20107283005A975D /* Debug */ = {
			isa = XCBuildConfiguration;
			buildSettings = {
				ALWAYS_SEARCH_USER_PATHS = NO;
				CLANG_ANALYZER_NONNULL = YES;
				CLANG_ANALYZER_NUMBER_OBJECT_CONVERSION = YES_AGGRESSIVE;
				CLANG_CXX_LANGUAGE_STANDARD = "gnu++14";
				CLANG_CXX_LIBRARY = "libc++";
				CLANG_ENABLE_MODULES = YES;
				CLANG_ENABLE_OBJC_ARC = YES;
				CLANG_WARN_BLOCK_CAPTURE_AUTORELEASING = YES;
				CLANG_WARN_BOOL_CONVERSION = YES;
				CLANG_WARN_COMMA = YES;
				CLANG_WARN_CONSTANT_CONVERSION = YES;
				CLANG_WARN_DIRECT_OBJC_ISA_USAGE = YES_ERROR;
				CLANG_WARN_DOCUMENTATION_COMMENTS = YES;
				CLANG_WARN_EMPTY_BODY = YES;
				CLANG_WARN_ENUM_CONVERSION = YES;
				CLANG_WARN_INFINITE_RECURSION = YES;
				CLANG_WARN_INT_CONVERSION = YES;
				CLANG_WARN_NON_LITERAL_NULL_CONVERSION = YES;
				CLANG_WARN_OBJC_LITERAL_CONVERSION = YES;
				CLANG_WARN_OBJC_ROOT_CLASS = YES_ERROR;
				CLANG_WARN_RANGE_LOOP_ANALYSIS = YES;
				CLANG_WARN_STRICT_PROTOTYPES = YES;
				CLANG_WARN_SUSPICIOUS_MOVE = YES;
				CLANG_WARN_UNGUARDED_AVAILABILITY = YES_AGGRESSIVE;
				CLANG_WARN_UNREACHABLE_CODE = YES;
				CLANG_WARN__DUPLICATE_METHOD_MATCH = YES;
				CODE_SIGN_IDENTITY = "iPhone Developer";
				COPY_PHASE_STRIP = NO;
				DEBUG_INFORMATION_FORMAT = dwarf;
				ENABLE_STRICT_OBJC_MSGSEND = YES;
				ENABLE_TESTABILITY = YES;
				GCC_C_LANGUAGE_STANDARD = gnu11;
				GCC_DYNAMIC_NO_PIC = NO;
				GCC_NO_COMMON_BLOCKS = YES;
				GCC_OPTIMIZATION_LEVEL = 0;
				GCC_PREPROCESSOR_DEFINITIONS = (
					"DEBUG=1",
					"$(inherited)",
				);
				GCC_WARN_64_TO_32_BIT_CONVERSION = YES;
				GCC_WARN_ABOUT_RETURN_TYPE = YES_ERROR;
				GCC_WARN_UNDECLARED_SELECTOR = YES;
				GCC_WARN_UNINITIALIZED_AUTOS = YES_AGGRESSIVE;
				GCC_WARN_UNUSED_FUNCTION = YES;
				GCC_WARN_UNUSED_VARIABLE = YES;
				IPHONEOS_DEPLOYMENT_TARGET = 11.2;
				MTL_ENABLE_DEBUG_INFO = YES;
				ONLY_ACTIVE_ARCH = YES;
				SDKROOT = iphoneos;
				SWIFT_ACTIVE_COMPILATION_CONDITIONS = DEBUG;
				SWIFT_OPTIMIZATION_LEVEL = "-Onone";
			};
			name = Debug;
		};
		6CAFBC6E20107283005A975D /* Release */ = {
			isa = XCBuildConfiguration;
			buildSettings = {
				ALWAYS_SEARCH_USER_PATHS = NO;
				CLANG_ANALYZER_NONNULL = YES;
				CLANG_ANALYZER_NUMBER_OBJECT_CONVERSION = YES_AGGRESSIVE;
				CLANG_CXX_LANGUAGE_STANDARD = "gnu++14";
				CLANG_CXX_LIBRARY = "libc++";
				CLANG_ENABLE_MODULES = YES;
				CLANG_ENABLE_OBJC_ARC = YES;
				CLANG_WARN_BLOCK_CAPTURE_AUTORELEASING = YES;
				CLANG_WARN_BOOL_CONVERSION = YES;
				CLANG_WARN_COMMA = YES;
				CLANG_WARN_CONSTANT_CONVERSION = YES;
				CLANG_WARN_DIRECT_OBJC_ISA_USAGE = YES_ERROR;
				CLANG_WARN_DOCUMENTATION_COMMENTS = YES;
				CLANG_WARN_EMPTY_BODY = YES;
				CLANG_WARN_ENUM_CONVERSION = YES;
				CLANG_WARN_INFINITE_RECURSION = YES;
				CLANG_WARN_INT_CONVERSION = YES;
				CLANG_WARN_NON_LITERAL_NULL_CONVERSION = YES;
				CLANG_WARN_OBJC_LITERAL_CONVERSION = YES;
				CLANG_WARN_OBJC_ROOT_CLASS = YES_ERROR;
				CLANG_WARN_RANGE_LOOP_ANALYSIS = YES;
				CLANG_WARN_STRICT_PROTOTYPES = YES;
				CLANG_WARN_SUSPICIOUS_MOVE = YES;
				CLANG_WARN_UNGUARDED_AVAILABILITY = YES_AGGRESSIVE;
				CLANG_WARN_UNREACHABLE_CODE = YES;
				CLANG_WARN__DUPLICATE_METHOD_MATCH = YES;
				CODE_SIGN_IDENTITY = "iPhone Developer";
				COPY_PHASE_STRIP = NO;
				DEBUG_INFORMATION_FORMAT = "dwarf-with-dsym";
				ENABLE_NS_ASSERTIONS = NO;
				ENABLE_STRICT_OBJC_MSGSEND = YES;
				GCC_C_LANGUAGE_STANDARD = gnu11;
				GCC_NO_COMMON_BLOCKS = YES;
				GCC_WARN_64_TO_32_BIT_CONVERSION = YES;
				GCC_WARN_ABOUT_RETURN_TYPE = YES_ERROR;
				GCC_WARN_UNDECLARED_SELECTOR = YES;
				GCC_WARN_UNINITIALIZED_AUTOS = YES_AGGRESSIVE;
				GCC_WARN_UNUSED_FUNCTION = YES;
				GCC_WARN_UNUSED_VARIABLE = YES;
				IPHONEOS_DEPLOYMENT_TARGET = 11.2;
				MTL_ENABLE_DEBUG_INFO = NO;
				SDKROOT = iphoneos;
				SWIFT_OPTIMIZATION_LEVEL = "-Owholemodule";
				VALIDATE_PRODUCT = YES;
			};
			name = Release;
		};
		6CAFBC7020107283005A975D /* Debug */ = {
			isa = XCBuildConfiguration;
			baseConfigurationReference = 4F7DE238FFAF03D8C82E0F12 /* Pods-aimee.debug.xcconfig */;
			buildSettings = {
				ASSETCATALOG_COMPILER_APPICON_NAME = AppIcon;
				CODE_SIGN_STYLE = Automatic;
				DEVELOPMENT_TEAM = GWPPP8XM37;
				FRAMEWORK_SEARCH_PATHS = (
					"$(inherited)",
					"$(PROJECT_DIR)/aimee/Helpers/FacebookSDKs",
					"$(PROJECT_DIR)/aimee/Helpers/ThirdParty/FacebookSDKs",
				);
				INFOPLIST_FILE = aimee/Info.plist;
				IPHONEOS_DEPLOYMENT_TARGET = 10.0;
				LD_RUNPATH_SEARCH_PATHS = "$(inherited) @executable_path/Frameworks";
				PRODUCT_BUNDLE_IDENTIFIER = com.f22labs.catalogue;
				PRODUCT_NAME = Catalogue;
				SWIFT_VERSION = 4.0;
				TARGETED_DEVICE_FAMILY = 1;
			};
			name = Debug;
		};
		6CAFBC7120107283005A975D /* Release */ = {
			isa = XCBuildConfiguration;
			baseConfigurationReference = 1FCB45C1880034E1452F46A9 /* Pods-aimee.release.xcconfig */;
			buildSettings = {
				ASSETCATALOG_COMPILER_APPICON_NAME = AppIcon;
				CODE_SIGN_STYLE = Automatic;
				DEVELOPMENT_TEAM = GWPPP8XM37;
				FRAMEWORK_SEARCH_PATHS = (
					"$(inherited)",
					"$(PROJECT_DIR)/aimee/Helpers/FacebookSDKs",
					"$(PROJECT_DIR)/aimee/Helpers/ThirdParty/FacebookSDKs",
				);
				INFOPLIST_FILE = aimee/Info.plist;
				IPHONEOS_DEPLOYMENT_TARGET = 10.0;
				LD_RUNPATH_SEARCH_PATHS = "$(inherited) @executable_path/Frameworks";
				PRODUCT_BUNDLE_IDENTIFIER = com.f22labs.catalogue;
				PRODUCT_NAME = Catalogue;
				SWIFT_VERSION = 4.0;
				TARGETED_DEVICE_FAMILY = 1;
			};
			name = Release;
		};
/* End XCBuildConfiguration section */

/* Begin XCConfigurationList section */
		6CAFBC5820107282005A975D /* Build configuration list for PBXProject "aimee" */ = {
			isa = XCConfigurationList;
			buildConfigurations = (
				6CAFBC6D20107283005A975D /* Debug */,
				6CAFBC6E20107283005A975D /* Release */,
			);
			defaultConfigurationIsVisible = 0;
			defaultConfigurationName = Release;
		};
		6CAFBC6F20107283005A975D /* Build configuration list for PBXNativeTarget "aimee" */ = {
			isa = XCConfigurationList;
			buildConfigurations = (
				6CAFBC7020107283005A975D /* Debug */,
				6CAFBC7120107283005A975D /* Release */,
			);
			defaultConfigurationIsVisible = 0;
			defaultConfigurationName = Release;
		};
/* End XCConfigurationList section */
	};
	rootObject = 6CAFBC5520107282005A975D /* Project object */;
}
